
Microsoft Visual Studio Solution File, Format Version 12.00
# Visual Studio Version 17
VisualStudioVersion = 17.14.36327.8 d17.14
MinimumVisualStudioVersion = 10.0.40219.1
Project("{FAE04EC0-301F-11D3-BF4B-00C04F79EFBC}") = "SendFtpTestStudy", "SendFtpTestStudy\SendFtpTestStudy.csproj", "{9AE8C8EA-4C2B-46F0-AA91-4684774BCEC7}"
EndProject
Project("{FAE04EC0-301F-11D3-BF4B-00C04F79EFBC}") = "SendFtpTestStudy.Tests", "SendFtpTestStudy.Tests\SendFtpTestStudy.Tests.csproj", "{C9FA0F0A-21B0-4EC6-AE30-E875F35935E1}"
EndProject
Global
	GlobalSection(SolutionConfigurationPlatforms) = preSolution
		Debug|Any CPU = Debug|Any CPU
		Release|Any CPU = Release|Any CPU
	EndGlobalSection
	GlobalSection(ProjectConfigurationPlatforms) = postSolution
		{9AE8C8EA-4C2B-46F0-AA91-4684774BCEC7}.Debug|Any CPU.ActiveCfg = Debug|Any CPU
		{9AE8C8EA-4C2B-46F0-AA91-4684774BCEC7}.Debug|Any CPU.Build.0 = Debug|Any CPU
		{9AE8C8EA-4C2B-46F0-AA91-4684774BCEC7}.Release|Any CPU.ActiveCfg = Release|Any CPU
		{9AE8C8EA-4C2B-46F0-AA91-4684774BCEC7}.Release|Any CPU.Build.0 = Release|Any CPU
		{C9FA0F0A-21B0-4EC6-AE30-E875F35935E1}.Debug|Any CPU.ActiveCfg = Debug|Any CPU
		{C9FA0F0A-21B0-4EC6-AE30-E875F35935E1}.Debug|Any CPU.Build.0 = Debug|Any CPU
		{C9FA0F0A-21B0-4EC6-AE30-E875F35935E1}.Release|Any CPU.ActiveCfg = Release|Any CPU
		{C9FA0F0A-21B0-4EC6-AE30-E875F35935E1}.Release|Any CPU.Build.0 = Release|Any CPU
	EndGlobalSection
	GlobalSection(SolutionProperties) = preSolution
		HideSolutionNode = FALSE
	EndGlobalSection
	GlobalSection(ExtensibilityGlobals) = postSolution
		SolutionGuid = {66D3E641-A67A-454A-AB34-047BA414A57F}
	EndGlobalSection
EndGlobal
