
Microsoft Visual Studio Solution File, Format Version 12.00
# Visual Studio Version 17
VisualStudioVersion = 17.14.36327.8
MinimumVisualStudioVersion = 10.0.40219.1
Project("{FAE04EC0-301F-11D3-BF4B-00C04F79EFBC}") = "SendFtpTestStudy", "SendFtpTestStudy\SendFtpTestStudy.csproj", "{9AE8C8EA-4C2B-46F0-AA91-4684774BCEC7}"
EndProject
Project("{FAE04EC0-301F-11D3-BF4B-00C04F79EFBC}") = "SendFtpTestStudy.Tests", "SendFtpTestStudy.Tests\SendFtpTestStudy.Tests.csproj", "{C9FA0F0A-21B0-4EC6-AE30-E875F35935E1}"
EndProject
Project("{FAE04EC0-301F-11D3-BF4B-00C04F79EFBC}") = "SendSftpTestStudy", "SendSftpTestStudy\SendSftpTestStudy.csproj", "{5700B803-0755-4DD6-AF1D-64F5C76583F4}"
EndProject
Project("{FAE04EC0-301F-11D3-BF4B-00C04F79EFBC}") = "SendSftpTestStudy.Tests", "SendSftpTestStudy.Tests\SendSftpTestStudy.Tests.csproj", "{BCF0642B-6C81-45F2-9D02-59CD3D2AE0F9}"
EndProject
Global
	GlobalSection(SolutionConfigurationPlatforms) = preSolution
		Debug|Any CPU = Debug|Any CPU
		Debug|x64 = Debug|x64
		Debug|x86 = Debug|x86
		Release|Any CPU = Release|Any CPU
		Release|x64 = Release|x64
		Release|x86 = Release|x86
	EndGlobalSection
	GlobalSection(ProjectConfigurationPlatforms) = postSolution
		{9AE8C8EA-4C2B-46F0-AA91-4684774BCEC7}.Debug|Any CPU.ActiveCfg = Debug|Any CPU
		{9AE8C8EA-4C2B-46F0-AA91-4684774BCEC7}.Debug|Any CPU.Build.0 = Debug|Any CPU
		{9AE8C8EA-4C2B-46F0-AA91-4684774BCEC7}.Debug|x64.ActiveCfg = Debug|Any CPU
		{9AE8C8EA-4C2B-46F0-AA91-4684774BCEC7}.Debug|x64.Build.0 = Debug|Any CPU
		{9AE8C8EA-4C2B-46F0-AA91-4684774BCEC7}.Debug|x86.ActiveCfg = Debug|Any CPU
		{9AE8C8EA-4C2B-46F0-AA91-4684774BCEC7}.Debug|x86.Build.0 = Debug|Any CPU
		{9AE8C8EA-4C2B-46F0-AA91-4684774BCEC7}.Release|Any CPU.ActiveCfg = Release|Any CPU
		{9AE8C8EA-4C2B-46F0-AA91-4684774BCEC7}.Release|Any CPU.Build.0 = Release|Any CPU
		{9AE8C8EA-4C2B-46F0-AA91-4684774BCEC7}.Release|x64.ActiveCfg = Release|Any CPU
		{9AE8C8EA-4C2B-46F0-AA91-4684774BCEC7}.Release|x64.Build.0 = Release|Any CPU
		{9AE8C8EA-4C2B-46F0-AA91-4684774BCEC7}.Release|x86.ActiveCfg = Release|Any CPU
		{9AE8C8EA-4C2B-46F0-AA91-4684774BCEC7}.Release|x86.Build.0 = Release|Any CPU
		{C9FA0F0A-21B0-4EC6-AE30-E875F35935E1}.Debug|Any CPU.ActiveCfg = Debug|Any CPU
		{C9FA0F0A-21B0-4EC6-AE30-E875F35935E1}.Debug|Any CPU.Build.0 = Debug|Any CPU
		{C9FA0F0A-21B0-4EC6-AE30-E875F35935E1}.Debug|x64.ActiveCfg = Debug|Any CPU
		{C9FA0F0A-21B0-4EC6-AE30-E875F35935E1}.Debug|x64.Build.0 = Debug|Any CPU
		{C9FA0F0A-21B0-4EC6-AE30-E875F35935E1}.Debug|x86.ActiveCfg = Debug|Any CPU
		{C9FA0F0A-21B0-4EC6-AE30-E875F35935E1}.Debug|x86.Build.0 = Debug|Any CPU
		{C9FA0F0A-21B0-4EC6-AE30-E875F35935E1}.Release|Any CPU.ActiveCfg = Release|Any CPU
		{C9FA0F0A-21B0-4EC6-AE30-E875F35935E1}.Release|Any CPU.Build.0 = Release|Any CPU
		{C9FA0F0A-21B0-4EC6-AE30-E875F35935E1}.Release|x64.ActiveCfg = Release|Any CPU
		{C9FA0F0A-21B0-4EC6-AE30-E875F35935E1}.Release|x64.Build.0 = Release|Any CPU
		{C9FA0F0A-21B0-4EC6-AE30-E875F35935E1}.Release|x86.ActiveCfg = Release|Any CPU
		{C9FA0F0A-21B0-4EC6-AE30-E875F35935E1}.Release|x86.Build.0 = Release|Any CPU
		{5700B803-0755-4DD6-AF1D-64F5C76583F4}.Debug|Any CPU.ActiveCfg = Debug|Any CPU
		{5700B803-0755-4DD6-AF1D-64F5C76583F4}.Debug|Any CPU.Build.0 = Debug|Any CPU
		{5700B803-0755-4DD6-AF1D-64F5C76583F4}.Debug|x64.ActiveCfg = Debug|Any CPU
		{5700B803-0755-4DD6-AF1D-64F5C76583F4}.Debug|x64.Build.0 = Debug|Any CPU
		{5700B803-0755-4DD6-AF1D-64F5C76583F4}.Debug|x86.ActiveCfg = Debug|Any CPU
		{5700B803-0755-4DD6-AF1D-64F5C76583F4}.Debug|x86.Build.0 = Debug|Any CPU
		{5700B803-0755-4DD6-AF1D-64F5C76583F4}.Release|Any CPU.ActiveCfg = Release|Any CPU
		{5700B803-0755-4DD6-AF1D-64F5C76583F4}.Release|Any CPU.Build.0 = Release|Any CPU
		{5700B803-0755-4DD6-AF1D-64F5C76583F4}.Release|x64.ActiveCfg = Release|Any CPU
		{5700B803-0755-4DD6-AF1D-64F5C76583F4}.Release|x64.Build.0 = Release|Any CPU
		{5700B803-0755-4DD6-AF1D-64F5C76583F4}.Release|x86.ActiveCfg = Release|Any CPU
		{5700B803-0755-4DD6-AF1D-64F5C76583F4}.Release|x86.Build.0 = Release|Any CPU
		{BCF0642B-6C81-45F2-9D02-59CD3D2AE0F9}.Debug|Any CPU.ActiveCfg = Debug|Any CPU
		{BCF0642B-6C81-45F2-9D02-59CD3D2AE0F9}.Debug|Any CPU.Build.0 = Debug|Any CPU
		{BCF0642B-6C81-45F2-9D02-59CD3D2AE0F9}.Debug|x64.ActiveCfg = Debug|Any CPU
		{BCF0642B-6C81-45F2-9D02-59CD3D2AE0F9}.Debug|x64.Build.0 = Debug|Any CPU
		{BCF0642B-6C81-45F2-9D02-59CD3D2AE0F9}.Debug|x86.ActiveCfg = Debug|Any CPU
		{BCF0642B-6C81-45F2-9D02-59CD3D2AE0F9}.Debug|x86.Build.0 = Debug|Any CPU
		{BCF0642B-6C81-45F2-9D02-59CD3D2AE0F9}.Release|Any CPU.ActiveCfg = Release|Any CPU
		{BCF0642B-6C81-45F2-9D02-59CD3D2AE0F9}.Release|Any CPU.Build.0 = Release|Any CPU
		{BCF0642B-6C81-45F2-9D02-59CD3D2AE0F9}.Release|x64.ActiveCfg = Release|Any CPU
		{BCF0642B-6C81-45F2-9D02-59CD3D2AE0F9}.Release|x64.Build.0 = Release|Any CPU
		{BCF0642B-6C81-45F2-9D02-59CD3D2AE0F9}.Release|x86.ActiveCfg = Release|Any CPU
		{BCF0642B-6C81-45F2-9D02-59CD3D2AE0F9}.Release|x86.Build.0 = Release|Any CPU
	EndGlobalSection
	GlobalSection(SolutionProperties) = preSolution
		HideSolutionNode = FALSE
	EndGlobalSection
	GlobalSection(ExtensibilityGlobals) = postSolution
		SolutionGuid = {66D3E641-A67A-454A-AB34-047BA414A57F}
	EndGlobalSection
EndGlobal
