
Microsoft Visual Studio Solution File, Format Version 12.00
# Visual Studio Version 17
VisualStudioVersion = 17.7.34031.279
MinimumVisualStudioVersion = 10.0.40219.1
Project("{FAE04EC0-301F-11D3-BF4B-00C04F79EFBC}") = "WpfDataGridStudy", "WpfDataGridStudy\WpfDataGridStudy.csproj", "{EE85D745-7086-41AA-97FA-B4EC2D916AB9}"
EndProject
Global
	GlobalSection(SolutionConfigurationPlatforms) = preSolution
		Debug|Any CPU = Debug|Any CPU
		Release|Any CPU = Release|Any CPU
	EndGlobalSection
	GlobalSection(ProjectConfigurationPlatforms) = postSolution
		{EE85D745-7086-41AA-97FA-B4EC2D916AB9}.Debug|Any CPU.ActiveCfg = Debug|Any CPU
		{EE85D745-7086-41AA-97FA-B4EC2D916AB9}.Debug|Any CPU.Build.0 = Debug|Any CPU
		{EE85D745-7086-41AA-97FA-B4EC2D916AB9}.Release|Any CPU.ActiveCfg = Release|Any CPU
		{EE85D745-7086-41AA-97FA-B4EC2D916AB9}.Release|Any CPU.Build.0 = Release|Any CPU
	EndGlobalSection
	GlobalSection(SolutionProperties) = preSolution
		HideSolutionNode = FALSE
	EndGlobalSection
	GlobalSection(ExtensibilityGlobals) = postSolution
		SolutionGuid = {95EBE940-A86B-4CB7-B9E5-1B4F8BE15259}
	EndGlobalSection
EndGlobal
