
Microsoft Visual Studio Solution File, Format Version 12.00
# Visual Studio Version 17
VisualStudioVersion = 17.9.34714.143
MinimumVisualStudioVersion = 10.0.40219.1
Project("{FAE04EC0-301F-11D3-BF4B-00C04F79EFBC}") = "WatchActiveWindow", "WatchActiveWindow\WatchActiveWindow.csproj", "{11DF0AB5-E20D-4D6C-A68F-12874F4EAFA8}"
EndProject
Global
	GlobalSection(SolutionConfigurationPlatforms) = preSolution
		Debug|Any CPU = Debug|Any CPU
		Release|Any CPU = Release|Any CPU
	EndGlobalSection
	GlobalSection(ProjectConfigurationPlatforms) = postSolution
		{11DF0AB5-E20D-4D6C-A68F-12874F4EAFA8}.Debug|Any CPU.ActiveCfg = Debug|Any CPU
		{11DF0AB5-E20D-4D6C-A68F-12874F4EAFA8}.Debug|Any CPU.Build.0 = Debug|Any CPU
		{11DF0AB5-E20D-4D6C-A68F-12874F4EAFA8}.Release|Any CPU.ActiveCfg = Release|Any CPU
		{11DF0AB5-E20D-4D6C-A68F-12874F4EAFA8}.Release|Any CPU.Build.0 = Release|Any CPU
	EndGlobalSection
	GlobalSection(SolutionProperties) = preSolution
		HideSolutionNode = FALSE
	EndGlobalSection
	GlobalSection(ExtensibilityGlobals) = postSolution
		SolutionGuid = {3B0F8D9A-CA9D-444C-974D-5A060EDB562C}
	EndGlobalSection
EndGlobal
