
Microsoft Visual Studio Solution File, Format Version 12.00
# Visual Studio Version 17
VisualStudioVersion = 17.4.33122.133
MinimumVisualStudioVersion = 10.0.40219.1
Project("{FAE04EC0-301F-11D3-BF4B-00C04F79EFBC}") = "GenericHostConsoleAppStudy", "GenericHostConsoleAppStudy\GenericHostConsoleAppStudy.csproj", "{11AF9BD3-E31E-4E8D-9AF6-99C16D869B5B}"
EndProject
Global
	GlobalSection(SolutionConfigurationPlatforms) = preSolution
		Debug|Any CPU = Debug|Any CPU
		Release|Any CPU = Release|Any CPU
	EndGlobalSection
	GlobalSection(ProjectConfigurationPlatforms) = postSolution
		{11AF9BD3-E31E-4E8D-9AF6-99C16D869B5B}.Debug|Any CPU.ActiveCfg = Debug|Any CPU
		{11AF9BD3-E31E-4E8D-9AF6-99C16D869B5B}.Debug|Any CPU.Build.0 = Debug|Any CPU
		{11AF9BD3-E31E-4E8D-9AF6-99C16D869B5B}.Release|Any CPU.ActiveCfg = Release|Any CPU
		{11AF9BD3-E31E-4E8D-9AF6-99C16D869B5B}.Release|Any CPU.Build.0 = Release|Any CPU
	EndGlobalSection
	GlobalSection(SolutionProperties) = preSolution
		HideSolutionNode = FALSE
	EndGlobalSection
	GlobalSection(ExtensibilityGlobals) = postSolution
		SolutionGuid = {055A6068-3F23-40DF-A2E3-D35A6D066C1B}
	EndGlobalSection
EndGlobal
