
Microsoft Visual Studio Solution File, Format Version 12.00
# Visual Studio Version 17
VisualStudioVersion = 17.4.33122.133
MinimumVisualStudioVersion = 10.0.40219.1
Project("{FAE04EC0-301F-11D3-BF4B-00C04F79EFBC}") = "WebApplicationStudy", "WebApplicationStudy\WebApplicationStudy.csproj", "{6B34B690-27B3-485D-BB53-FBB98C30A428}"
EndProject
Global
	GlobalSection(SolutionConfigurationPlatforms) = preSolution
		Debug|Any CPU = Debug|Any CPU
		Release|Any CPU = Release|Any CPU
	EndGlobalSection
	GlobalSection(ProjectConfigurationPlatforms) = postSolution
		{6B34B690-27B3-485D-BB53-FBB98C30A428}.Debug|Any CPU.ActiveCfg = Debug|Any CPU
		{6B34B690-27B3-485D-BB53-FBB98C30A428}.Debug|Any CPU.Build.0 = Debug|Any CPU
		{6B34B690-27B3-485D-BB53-FBB98C30A428}.Release|Any CPU.ActiveCfg = Release|Any CPU
		{6B34B690-27B3-485D-BB53-FBB98C30A428}.Release|Any CPU.Build.0 = Release|Any CPU
	EndGlobalSection
	GlobalSection(SolutionProperties) = preSolution
		HideSolutionNode = FALSE
	EndGlobalSection
	GlobalSection(ExtensibilityGlobals) = postSolution
		SolutionGuid = {28FF548E-66A2-42AC-8F08-50E3814D4AAC}
	EndGlobalSection
EndGlobal
