
Microsoft Visual Studio Solution File, Format Version 12.00
# Visual Studio Version 16
VisualStudioVersion = 16.0.30907.101
MinimumVisualStudioVersion = 10.0.40219.1
Project("{FAE04EC0-301F-11D3-BF4B-00C04F79EFBC}") = "MakeConst", "MakeConst\MakeConst\MakeConst.csproj", "{6EC5EF8D-7246-4D2A-96B5-4DA84D245BD2}"
EndProject
Project("{FAE04EC0-301F-11D3-BF4B-00C04F79EFBC}") = "MakeConst.CodeFixes", "MakeConst\MakeConst.CodeFixes\MakeConst.CodeFixes.csproj", "{2A47DEA6-9D37-494C-B70A-9B9A05D2EE10}"
EndProject
Project("{FAE04EC0-301F-11D3-BF4B-00C04F79EFBC}") = "MakeConst.Package", "MakeConst\MakeConst.Package\MakeConst.Package.csproj", "{B2806183-4052-4632-B17A-687912F353BC}"
EndProject
Project("{FAE04EC0-301F-11D3-BF4B-00C04F79EFBC}") = "MakeConst.Test", "MakeConst\MakeConst.Test\MakeConst.Test.csproj", "{B15F94CE-BD88-4DD4-98B7-E0F042A6EA07}"
EndProject
Project("{FAE04EC0-301F-11D3-BF4B-00C04F79EFBC}") = "MakeConst.Vsix", "MakeConst\MakeConst.Vsix\MakeConst.Vsix.csproj", "{2A39955F-CA94-49F5-B57E-E1DB58E41CE5}"
EndProject
Global
	GlobalSection(SolutionConfigurationPlatforms) = preSolution
		Debug|Any CPU = Debug|Any CPU
		Release|Any CPU = Release|Any CPU
	EndGlobalSection
	GlobalSection(ProjectConfigurationPlatforms) = postSolution
		{6EC5EF8D-7246-4D2A-96B5-4DA84D245BD2}.Debug|Any CPU.ActiveCfg = Debug|Any CPU
		{6EC5EF8D-7246-4D2A-96B5-4DA84D245BD2}.Debug|Any CPU.Build.0 = Debug|Any CPU
		{6EC5EF8D-7246-4D2A-96B5-4DA84D245BD2}.Release|Any CPU.ActiveCfg = Release|Any CPU
		{6EC5EF8D-7246-4D2A-96B5-4DA84D245BD2}.Release|Any CPU.Build.0 = Release|Any CPU
		{2A47DEA6-9D37-494C-B70A-9B9A05D2EE10}.Debug|Any CPU.ActiveCfg = Debug|Any CPU
		{2A47DEA6-9D37-494C-B70A-9B9A05D2EE10}.Debug|Any CPU.Build.0 = Debug|Any CPU
		{2A47DEA6-9D37-494C-B70A-9B9A05D2EE10}.Release|Any CPU.ActiveCfg = Release|Any CPU
		{2A47DEA6-9D37-494C-B70A-9B9A05D2EE10}.Release|Any CPU.Build.0 = Release|Any CPU
		{B2806183-4052-4632-B17A-687912F353BC}.Debug|Any CPU.ActiveCfg = Debug|Any CPU
		{B2806183-4052-4632-B17A-687912F353BC}.Debug|Any CPU.Build.0 = Debug|Any CPU
		{B2806183-4052-4632-B17A-687912F353BC}.Release|Any CPU.ActiveCfg = Release|Any CPU
		{B2806183-4052-4632-B17A-687912F353BC}.Release|Any CPU.Build.0 = Release|Any CPU
		{B15F94CE-BD88-4DD4-98B7-E0F042A6EA07}.Debug|Any CPU.ActiveCfg = Debug|Any CPU
		{B15F94CE-BD88-4DD4-98B7-E0F042A6EA07}.Debug|Any CPU.Build.0 = Debug|Any CPU
		{B15F94CE-BD88-4DD4-98B7-E0F042A6EA07}.Release|Any CPU.ActiveCfg = Release|Any CPU
		{B15F94CE-BD88-4DD4-98B7-E0F042A6EA07}.Release|Any CPU.Build.0 = Release|Any CPU
		{2A39955F-CA94-49F5-B57E-E1DB58E41CE5}.Debug|Any CPU.ActiveCfg = Debug|Any CPU
		{2A39955F-CA94-49F5-B57E-E1DB58E41CE5}.Debug|Any CPU.Build.0 = Debug|Any CPU
		{2A39955F-CA94-49F5-B57E-E1DB58E41CE5}.Release|Any CPU.ActiveCfg = Release|Any CPU
		{2A39955F-CA94-49F5-B57E-E1DB58E41CE5}.Release|Any CPU.Build.0 = Release|Any CPU
	EndGlobalSection
	GlobalSection(SolutionProperties) = preSolution
		HideSolutionNode = FALSE
	EndGlobalSection
	GlobalSection(ExtensibilityGlobals) = postSolution
		SolutionGuid = {29DEC0CE-A3AF-45F4-8052-FF6D8F1565F0}
	EndGlobalSection
EndGlobal
