
Microsoft Visual Studio Solution File, Format Version 12.00
# Visual Studio 15
VisualStudioVersion = 15.0.27004.2005
MinimumVisualStudioVersion = 10.0.40219.1
Project("{FAE04EC0-301F-11D3-BF4B-00C04F79EFBC}") = "FoxyStudy", "FoxyStudy\FoxyStudy.csproj", "{6F7255C5-25FE-41A0-8766-376004CC2A82}"
EndProject
Project("{FAE04EC0-301F-11D3-BF4B-00C04F79EFBC}") = "Logging.Fody", "Logging.Fody\Logging.Fody.csproj", "{EBA18C04-E782-4D38-8CB5-5E77AD0EBB57}"
EndProject
Project("{9A19103F-16F7-4668-BE54-9A1E7A4F7556}") = "Log.Fody", "Log.Fody\Log.Fody.csproj", "{4A16351B-7616-4D70-8258-872DA153E6BC}"
EndProject
Project("{FAE04EC0-301F-11D3-BF4B-00C04F79EFBC}") = "FodyCoreConsole", "FodyCoreConsole\FodyCoreConsole.csproj", "{3844E927-7BD4-4AB4-89C3-163309D4B7F2}"
EndProject
Global
	GlobalSection(SolutionConfigurationPlatforms) = preSolution
		Debug|Any CPU = Debug|Any CPU
		Release|Any CPU = Release|Any CPU
	EndGlobalSection
	GlobalSection(ProjectConfigurationPlatforms) = postSolution
		{6F7255C5-25FE-41A0-8766-376004CC2A82}.Debug|Any CPU.ActiveCfg = Debug|Any CPU
		{6F7255C5-25FE-41A0-8766-376004CC2A82}.Debug|Any CPU.Build.0 = Debug|Any CPU
		{6F7255C5-25FE-41A0-8766-376004CC2A82}.Release|Any CPU.ActiveCfg = Release|Any CPU
		{6F7255C5-25FE-41A0-8766-376004CC2A82}.Release|Any CPU.Build.0 = Release|Any CPU
		{EBA18C04-E782-4D38-8CB5-5E77AD0EBB57}.Debug|Any CPU.ActiveCfg = Debug|Any CPU
		{EBA18C04-E782-4D38-8CB5-5E77AD0EBB57}.Debug|Any CPU.Build.0 = Debug|Any CPU
		{EBA18C04-E782-4D38-8CB5-5E77AD0EBB57}.Release|Any CPU.ActiveCfg = Release|Any CPU
		{EBA18C04-E782-4D38-8CB5-5E77AD0EBB57}.Release|Any CPU.Build.0 = Release|Any CPU
		{4A16351B-7616-4D70-8258-872DA153E6BC}.Debug|Any CPU.ActiveCfg = Debug|Any CPU
		{4A16351B-7616-4D70-8258-872DA153E6BC}.Debug|Any CPU.Build.0 = Debug|Any CPU
		{4A16351B-7616-4D70-8258-872DA153E6BC}.Release|Any CPU.ActiveCfg = Release|Any CPU
		{4A16351B-7616-4D70-8258-872DA153E6BC}.Release|Any CPU.Build.0 = Release|Any CPU
		{3844E927-7BD4-4AB4-89C3-163309D4B7F2}.Debug|Any CPU.ActiveCfg = Debug|Any CPU
		{3844E927-7BD4-4AB4-89C3-163309D4B7F2}.Debug|Any CPU.Build.0 = Debug|Any CPU
		{3844E927-7BD4-4AB4-89C3-163309D4B7F2}.Release|Any CPU.ActiveCfg = Release|Any CPU
		{3844E927-7BD4-4AB4-89C3-163309D4B7F2}.Release|Any CPU.Build.0 = Release|Any CPU
	EndGlobalSection
	GlobalSection(SolutionProperties) = preSolution
		HideSolutionNode = FALSE
	EndGlobalSection
	GlobalSection(ExtensibilityGlobals) = postSolution
		SolutionGuid = {13A2D066-1748-4DC4-BDAC-B043E0011A91}
	EndGlobalSection
EndGlobal
