
Microsoft Visual Studio Solution File, Format Version 12.00
# Visual Studio Version 17
VisualStudioVersion = 17.3.32825.248
MinimumVisualStudioVersion = 10.0.40219.1
Project("{FAE04EC0-301F-11D3-BF4B-00C04F79EFBC}") = "BlazorStudy", "BlazorStudy\BlazorStudy.csproj", "{A5313365-0BB7-45B5-95F7-78E9A3395FB9}"
EndProject
Global
	GlobalSection(SolutionConfigurationPlatforms) = preSolution
		Debug|Any CPU = Debug|Any CPU
		Release|Any CPU = Release|Any CPU
	EndGlobalSection
	GlobalSection(ProjectConfigurationPlatforms) = postSolution
		{A5313365-0BB7-45B5-95F7-78E9A3395FB9}.Debug|Any CPU.ActiveCfg = Debug|Any CPU
		{A5313365-0BB7-45B5-95F7-78E9A3395FB9}.Debug|Any CPU.Build.0 = Debug|Any CPU
		{A5313365-0BB7-45B5-95F7-78E9A3395FB9}.Release|Any CPU.ActiveCfg = Release|Any CPU
		{A5313365-0BB7-45B5-95F7-78E9A3395FB9}.Release|Any CPU.Build.0 = Release|Any CPU
	EndGlobalSection
	GlobalSection(SolutionProperties) = preSolution
		HideSolutionNode = FALSE
	EndGlobalSection
	GlobalSection(ExtensibilityGlobals) = postSolution
		SolutionGuid = {89686909-84ED-44D5-80EE-D6EEC92A3D3D}
	EndGlobalSection
EndGlobal
