
Microsoft Visual Studio Solution File, Format Version 12.00
# Visual Studio 15
VisualStudioVersion = 15.0.27130.2010
MinimumVisualStudioVersion = 10.0.40219.1
Project("{FAE04EC0-301F-11D3-BF4B-00C04F79EFBC}") = "UwpCalculator", "UwpCalculator\UwpCalculator.csproj", "{223F06A1-3C63-4517-93D5-3C2127702A70}"
EndProject
Global
	GlobalSection(SolutionConfigurationPlatforms) = preSolution
		Debug|ARM = Debug|ARM
		Debug|x64 = Debug|x64
		Debug|x86 = Debug|x86
		Release|ARM = Release|ARM
		Release|x64 = Release|x64
		Release|x86 = Release|x86
	EndGlobalSection
	GlobalSection(ProjectConfigurationPlatforms) = postSolution
		{223F06A1-3C63-4517-93D5-3C2127702A70}.Debug|ARM.ActiveCfg = Debug|ARM
		{223F06A1-3C63-4517-93D5-3C2127702A70}.Debug|ARM.Build.0 = Debug|ARM
		{223F06A1-3C63-4517-93D5-3C2127702A70}.Debug|ARM.Deploy.0 = Debug|ARM
		{223F06A1-3C63-4517-93D5-3C2127702A70}.Debug|x64.ActiveCfg = Debug|x64
		{223F06A1-3C63-4517-93D5-3C2127702A70}.Debug|x64.Build.0 = Debug|x64
		{223F06A1-3C63-4517-93D5-3C2127702A70}.Debug|x64.Deploy.0 = Debug|x64
		{223F06A1-3C63-4517-93D5-3C2127702A70}.Debug|x86.ActiveCfg = Debug|x86
		{223F06A1-3C63-4517-93D5-3C2127702A70}.Debug|x86.Build.0 = Debug|x86
		{223F06A1-3C63-4517-93D5-3C2127702A70}.Debug|x86.Deploy.0 = Debug|x86
		{223F06A1-3C63-4517-93D5-3C2127702A70}.Release|ARM.ActiveCfg = Release|ARM
		{223F06A1-3C63-4517-93D5-3C2127702A70}.Release|ARM.Build.0 = Release|ARM
		{223F06A1-3C63-4517-93D5-3C2127702A70}.Release|ARM.Deploy.0 = Release|ARM
		{223F06A1-3C63-4517-93D5-3C2127702A70}.Release|x64.ActiveCfg = Release|x64
		{223F06A1-3C63-4517-93D5-3C2127702A70}.Release|x64.Build.0 = Release|x64
		{223F06A1-3C63-4517-93D5-3C2127702A70}.Release|x64.Deploy.0 = Release|x64
		{223F06A1-3C63-4517-93D5-3C2127702A70}.Release|x86.ActiveCfg = Release|x86
		{223F06A1-3C63-4517-93D5-3C2127702A70}.Release|x86.Build.0 = Release|x86
		{223F06A1-3C63-4517-93D5-3C2127702A70}.Release|x86.Deploy.0 = Release|x86
	EndGlobalSection
	GlobalSection(SolutionProperties) = preSolution
		HideSolutionNode = FALSE
	EndGlobalSection
	GlobalSection(ExtensibilityGlobals) = postSolution
		SolutionGuid = {96ACB4EE-C8CE-42B4-BA7E-5F4E363A782B}
	EndGlobalSection
EndGlobal
