
Microsoft Visual Studio Solution File, Format Version 12.00
# Visual Studio Version 17
VisualStudioVersion = 17.1.32210.238
MinimumVisualStudioVersion = 10.0.40219.1
Project("{FAE04EC0-301F-11D3-BF4B-00C04F79EFBC}") = "T4vsRazor", "T4vsRazor\T4vsRazor.csproj", "{0A29C05A-AC5B-461C-A3FD-B9491B642A77}"
EndProject
Project("{FAE04EC0-301F-11D3-BF4B-00C04F79EFBC}") = "T4vsRazor.Test", "T4vsRazor.Test\T4vsRazor.Test.csproj", "{18212E8A-2DF0-4110-B051-B770920BBD29}"
EndProject
Global
	GlobalSection(SolutionConfigurationPlatforms) = preSolution
		Debug|Any CPU = Debug|Any CPU
		Release|Any CPU = Release|Any CPU
	EndGlobalSection
	GlobalSection(ProjectConfigurationPlatforms) = postSolution
		{0A29C05A-AC5B-461C-A3FD-B9491B642A77}.Debug|Any CPU.ActiveCfg = Debug|Any CPU
		{0A29C05A-AC5B-461C-A3FD-B9491B642A77}.Debug|Any CPU.Build.0 = Debug|Any CPU
		{0A29C05A-AC5B-461C-A3FD-B9491B642A77}.Release|Any CPU.ActiveCfg = Release|Any CPU
		{0A29C05A-AC5B-461C-A3FD-B9491B642A77}.Release|Any CPU.Build.0 = Release|Any CPU
		{18212E8A-2DF0-4110-B051-B770920BBD29}.Debug|Any CPU.ActiveCfg = Debug|Any CPU
		{18212E8A-2DF0-4110-B051-B770920BBD29}.Debug|Any CPU.Build.0 = Debug|Any CPU
		{18212E8A-2DF0-4110-B051-B770920BBD29}.Release|Any CPU.ActiveCfg = Release|Any CPU
		{18212E8A-2DF0-4110-B051-B770920BBD29}.Release|Any CPU.Build.0 = Release|Any CPU
	EndGlobalSection
	GlobalSection(SolutionProperties) = preSolution
		HideSolutionNode = FALSE
	EndGlobalSection
	GlobalSection(ExtensibilityGlobals) = postSolution
		SolutionGuid = {A7F2B7C3-1412-4EA9-AEA4-3F536E5BD2C5}
	EndGlobalSection
EndGlobal
