
Microsoft Visual Studio Solution File, Format Version 12.00
# Visual Studio Version 17
VisualStudioVersion = 17.12.35323.107
MinimumVisualStudioVersion = 10.0.40219.1
Project("{FAE04EC0-301F-11D3-BF4B-00C04F79EFBC}") = "Villboard.Crawler.Console", "Villboard.Crawler.Console\Villboard.Crawler.Console.csproj", "{A7CDF16B-99D7-4341-B8C3-9AAFFDCBA063}"
EndProject
Global
	GlobalSection(SolutionConfigurationPlatforms) = preSolution
		Debug|Any CPU = Debug|Any CPU
		Release|Any CPU = Release|Any CPU
	EndGlobalSection
	GlobalSection(ProjectConfigurationPlatforms) = postSolution
		{A7CDF16B-99D7-4341-B8C3-9AAFFDCBA063}.Debug|Any CPU.ActiveCfg = Debug|Any CPU
		{A7CDF16B-99D7-4341-B8C3-9AAFFDCBA063}.Debug|Any CPU.Build.0 = Debug|Any CPU
		{A7CDF16B-99D7-4341-B8C3-9AAFFDCBA063}.Release|Any CPU.ActiveCfg = Release|Any CPU
		{A7CDF16B-99D7-4341-B8C3-9AAFFDCBA063}.Release|Any CPU.Build.0 = Release|Any CPU
	EndGlobalSection
	GlobalSection(SolutionProperties) = preSolution
		HideSolutionNode = FALSE
	EndGlobalSection
	GlobalSection(ExtensibilityGlobals) = postSolution
		SolutionGuid = {48988B32-CDEA-4B4A-9580-4A87DCC2C205}
	EndGlobalSection
EndGlobal
