
Microsoft Visual Studio Solution File, Format Version 12.00
# Visual Studio 15
VisualStudioVersion = 15.0.27130.2027
MinimumVisualStudioVersion = 10.0.40219.1
Project("{FAE04EC0-301F-11D3-BF4B-00C04F79EFBC}") = "T4TemplateStudy", "T4TemplateStudy\T4TemplateStudy.csproj", "{0B733A68-6A2F-4185-9B03-E9796E89410A}"
EndProject
Project("{FAE04EC0-301F-11D3-BF4B-00C04F79EFBC}") = "EventInfoAnalizerConsole", "EventInfoAnalizerConsole\EventInfoAnalizerConsole.csproj", "{213200E6-400A-4DFD-A8DA-08CD9D58DC70}"
EndProject
Global
	GlobalSection(SolutionConfigurationPlatforms) = preSolution
		Debug|Any CPU = Debug|Any CPU
		Release|Any CPU = Release|Any CPU
	EndGlobalSection
	GlobalSection(ProjectConfigurationPlatforms) = postSolution
		{0B733A68-6A2F-4185-9B03-E9796E89410A}.Debug|Any CPU.ActiveCfg = Debug|Any CPU
		{0B733A68-6A2F-4185-9B03-E9796E89410A}.Debug|Any CPU.Build.0 = Debug|Any CPU
		{0B733A68-6A2F-4185-9B03-E9796E89410A}.Release|Any CPU.ActiveCfg = Release|Any CPU
		{0B733A68-6A2F-4185-9B03-E9796E89410A}.Release|Any CPU.Build.0 = Release|Any CPU
		{213200E6-400A-4DFD-A8DA-08CD9D58DC70}.Debug|Any CPU.ActiveCfg = Debug|Any CPU
		{213200E6-400A-4DFD-A8DA-08CD9D58DC70}.Debug|Any CPU.Build.0 = Debug|Any CPU
		{213200E6-400A-4DFD-A8DA-08CD9D58DC70}.Release|Any CPU.ActiveCfg = Release|Any CPU
		{213200E6-400A-4DFD-A8DA-08CD9D58DC70}.Release|Any CPU.Build.0 = Release|Any CPU
	EndGlobalSection
	GlobalSection(SolutionProperties) = preSolution
		HideSolutionNode = FALSE
	EndGlobalSection
	GlobalSection(ExtensibilityGlobals) = postSolution
		SolutionGuid = {74BBFB57-4609-471B-A3CB-9F8128C28C69}
	EndGlobalSection
EndGlobal
