
Microsoft Visual Studio Solution File, Format Version 12.00
# Visual Studio Version 17
VisualStudioVersion = 17.12.35323.107
MinimumVisualStudioVersion = 10.0.40219.1
Project("{FAE04EC0-301F-11D3-BF4B-00C04F79EFBC}") = "WebWorkerStudy", "WebWorkerStudy\WebWorkerStudy.csproj", "{8BD1A55B-BE6E-499B-B3E3-00FB99A8266A}"
EndProject
Global
	GlobalSection(SolutionConfigurationPlatforms) = preSolution
		Debug|Any CPU = Debug|Any CPU
		Release|Any CPU = Release|Any CPU
	EndGlobalSection
	GlobalSection(ProjectConfigurationPlatforms) = postSolution
		{8BD1A55B-BE6E-499B-B3E3-00FB99A8266A}.Debug|Any CPU.ActiveCfg = Debug|Any CPU
		{8BD1A55B-BE6E-499B-B3E3-00FB99A8266A}.Debug|Any CPU.Build.0 = Debug|Any CPU
		{8BD1A55B-BE6E-499B-B3E3-00FB99A8266A}.Release|Any CPU.ActiveCfg = Release|Any CPU
		{8BD1A55B-BE6E-499B-B3E3-00FB99A8266A}.Release|Any CPU.Build.0 = Release|Any CPU
	EndGlobalSection
	GlobalSection(SolutionProperties) = preSolution
		HideSolutionNode = FALSE
	EndGlobalSection
	GlobalSection(ExtensibilityGlobals) = postSolution
		SolutionGuid = {69461FF5-BDA1-4AEC-B192-7758B41B7810}
	EndGlobalSection
EndGlobal
