
Microsoft Visual Studio Solution File, Format Version 12.00
# Visual Studio Version 17
VisualStudioVersion = 17.10.35013.160
MinimumVisualStudioVersion = 10.0.40219.1
Project("{FAE04EC0-301F-11D3-BF4B-00C04F79EFBC}") = "VoskStudy", "VoskStudy\VoskStudy.csproj", "{587229B7-B2CF-4BEC-9AEF-1165D1A15130}"
EndProject
Global
	GlobalSection(SolutionConfigurationPlatforms) = preSolution
		Debug|Any CPU = Debug|Any CPU
		Release|Any CPU = Release|Any CPU
	EndGlobalSection
	GlobalSection(ProjectConfigurationPlatforms) = postSolution
		{587229B7-B2CF-4BEC-9AEF-1165D1A15130}.Debug|Any CPU.ActiveCfg = Debug|Any CPU
		{587229B7-B2CF-4BEC-9AEF-1165D1A15130}.Debug|Any CPU.Build.0 = Debug|Any CPU
		{587229B7-B2CF-4BEC-9AEF-1165D1A15130}.Release|Any CPU.ActiveCfg = Release|Any CPU
		{587229B7-B2CF-4BEC-9AEF-1165D1A15130}.Release|Any CPU.Build.0 = Release|Any CPU
	EndGlobalSection
	GlobalSection(SolutionProperties) = preSolution
		HideSolutionNode = FALSE
	EndGlobalSection
	GlobalSection(ExtensibilityGlobals) = postSolution
		SolutionGuid = {37A2504E-C5C5-47AE-B006-37F29AA607DD}
	EndGlobalSection
EndGlobal
