
Microsoft Visual Studio Solution File, Format Version 12.00
# Visual Studio Version 17
VisualStudioVersion = 17.2.32505.173
MinimumVisualStudioVersion = 10.0.40219.1
Project("{9A19103F-16F7-4668-BE54-9A1E7A4F7556}") = "SampleNugetProject", "SampleNugetProject\SampleNugetProject.csproj", "{2E6E013B-EFCD-47DB-8FC0-7EE90437DB0F}"
EndProject
Project("{2150E333-8FDC-42A3-9474-1A3956D46DE8}") = "ソリューション項目", "ソリューション項目", "{7F15B8B2-3908-4B97-B512-3CABC5E8C151}"
	ProjectSection(SolutionItems) = preProject
		nuget.config = nuget.config
	EndProjectSection
EndProject
Project("{9A19103F-16F7-4668-BE54-9A1E7A4F7556}") = "TargetTestProject", "TargetTestProject\TargetTestProject.csproj", "{7D848860-2BFE-428C-A204-D6CBB5985E47}"
EndProject
Global
	GlobalSection(SolutionConfigurationPlatforms) = preSolution
		Debug|Any CPU = Debug|Any CPU
		Release|Any CPU = Release|Any CPU
	EndGlobalSection
	GlobalSection(ProjectConfigurationPlatforms) = postSolution
		{2E6E013B-EFCD-47DB-8FC0-7EE90437DB0F}.Debug|Any CPU.ActiveCfg = Debug|Any CPU
		{2E6E013B-EFCD-47DB-8FC0-7EE90437DB0F}.Debug|Any CPU.Build.0 = Debug|Any CPU
		{2E6E013B-EFCD-47DB-8FC0-7EE90437DB0F}.Release|Any CPU.ActiveCfg = Release|Any CPU
		{2E6E013B-EFCD-47DB-8FC0-7EE90437DB0F}.Release|Any CPU.Build.0 = Release|Any CPU
		{7D848860-2BFE-428C-A204-D6CBB5985E47}.Debug|Any CPU.ActiveCfg = Debug|Any CPU
		{7D848860-2BFE-428C-A204-D6CBB5985E47}.Debug|Any CPU.Build.0 = Debug|Any CPU
		{7D848860-2BFE-428C-A204-D6CBB5985E47}.Release|Any CPU.ActiveCfg = Release|Any CPU
		{7D848860-2BFE-428C-A204-D6CBB5985E47}.Release|Any CPU.Build.0 = Release|Any CPU
	EndGlobalSection
	GlobalSection(SolutionProperties) = preSolution
		HideSolutionNode = FALSE
	EndGlobalSection
	GlobalSection(ExtensibilityGlobals) = postSolution
		SolutionGuid = {60676FC5-1B18-4C66-825A-37B593337EF9}
	EndGlobalSection
EndGlobal
