
Microsoft Visual Studio Solution File, Format Version 12.00
# Visual Studio 15
VisualStudioVersion = 15.0.27130.2003
MinimumVisualStudioVersion = 10.0.40219.1
Project("{FAE04EC0-301F-11D3-BF4B-00C04F79EFBC}") = "Hello.Fody", "Hello.Fody\Hello.Fody.csproj", "{3BB5519B-7336-463A-986C-87C73B6FD2AF}"
EndProject
Project("{FAE04EC0-301F-11D3-BF4B-00C04F79EFBC}") = "WeaveTarget", "WeaveTarget\WeaveTarget.csproj", "{9021CCEF-3AB5-4DC1-B352-B6BED14AD456}"
EndProject
Project("{2150E333-8FDC-42A3-9474-1A3956D46DE8}") = "Solution Items", "Solution Items", "{0FE00A47-A461-400E-9F50-9ABB315CC09B}"
	ProjectSection(SolutionItems) = preProject
		NuGet\Hello.Fody.nuspec = NuGet\Hello.Fody.nuspec
	EndProjectSection
EndProject
Global
	GlobalSection(SolutionConfigurationPlatforms) = preSolution
		Debug|Any CPU = Debug|Any CPU
		Release|Any CPU = Release|Any CPU
	EndGlobalSection
	GlobalSection(ProjectConfigurationPlatforms) = postSolution
		{3BB5519B-7336-463A-986C-87C73B6FD2AF}.Debug|Any CPU.ActiveCfg = Debug|Any CPU
		{3BB5519B-7336-463A-986C-87C73B6FD2AF}.Debug|Any CPU.Build.0 = Debug|Any CPU
		{3BB5519B-7336-463A-986C-87C73B6FD2AF}.Release|Any CPU.ActiveCfg = Release|Any CPU
		{3BB5519B-7336-463A-986C-87C73B6FD2AF}.Release|Any CPU.Build.0 = Release|Any CPU
		{9021CCEF-3AB5-4DC1-B352-B6BED14AD456}.Debug|Any CPU.ActiveCfg = Debug|Any CPU
		{9021CCEF-3AB5-4DC1-B352-B6BED14AD456}.Debug|Any CPU.Build.0 = Debug|Any CPU
		{9021CCEF-3AB5-4DC1-B352-B6BED14AD456}.Release|Any CPU.ActiveCfg = Release|Any CPU
		{9021CCEF-3AB5-4DC1-B352-B6BED14AD456}.Release|Any CPU.Build.0 = Release|Any CPU
	EndGlobalSection
	GlobalSection(SolutionProperties) = preSolution
		HideSolutionNode = FALSE
	EndGlobalSection
	GlobalSection(ExtensibilityGlobals) = postSolution
		SolutionGuid = {355E435A-1587-4C3D-B9A4-2FEE56F2D11F}
	EndGlobalSection
EndGlobal
