
Microsoft Visual Studio Solution File, Format Version 12.00
# Visual Studio Version 17
VisualStudioVersion = 17.3.32825.248
MinimumVisualStudioVersion = 10.0.40219.1
Project("{FAE04EC0-301F-11D3-BF4B-00C04F79EFBC}") = "MagicOnionStudy", "MagicOnionStudy\MagicOnionStudy.csproj", "{53017136-57E5-4E4C-B38C-D182D5ECD904}"
EndProject
Global
	GlobalSection(SolutionConfigurationPlatforms) = preSolution
		Debug|Any CPU = Debug|Any CPU
		Release|Any CPU = Release|Any CPU
	EndGlobalSection
	GlobalSection(ProjectConfigurationPlatforms) = postSolution
		{53017136-57E5-4E4C-B38C-D182D5ECD904}.Debug|Any CPU.ActiveCfg = Debug|Any CPU
		{53017136-57E5-4E4C-B38C-D182D5ECD904}.Debug|Any CPU.Build.0 = Debug|Any CPU
		{53017136-57E5-4E4C-B38C-D182D5ECD904}.Release|Any CPU.ActiveCfg = Release|Any CPU
		{53017136-57E5-4E4C-B38C-D182D5ECD904}.Release|Any CPU.Build.0 = Release|Any CPU
	EndGlobalSection
	GlobalSection(SolutionProperties) = preSolution
		HideSolutionNode = FALSE
	EndGlobalSection
	GlobalSection(ExtensibilityGlobals) = postSolution
		SolutionGuid = {F156CDA8-C653-4DC3-98BB-E84DEADB513C}
	EndGlobalSection
EndGlobal
