
Microsoft Visual Studio Solution File, Format Version 12.00
# Visual Studio 15
VisualStudioVersion = 15.0.27130.2027
MinimumVisualStudioVersion = 10.0.40219.1
Project("{FAE04EC0-301F-11D3-BF4B-00C04F79EFBC}") = "AspNetStudy", "AspNetStudy\AspNetStudy.csproj", "{94884E66-28CC-4AC4-9FE7-D0C7DA150764}"
EndProject
Global
	GlobalSection(SolutionConfigurationPlatforms) = preSolution
		Debug|Any CPU = Debug|Any CPU
		Release|Any CPU = Release|Any CPU
	EndGlobalSection
	GlobalSection(ProjectConfigurationPlatforms) = postSolution
		{94884E66-28CC-4AC4-9FE7-D0C7DA150764}.Debug|Any CPU.ActiveCfg = Debug|Any CPU
		{94884E66-28CC-4AC4-9FE7-D0C7DA150764}.Debug|Any CPU.Build.0 = Debug|Any CPU
		{94884E66-28CC-4AC4-9FE7-D0C7DA150764}.Release|Any CPU.ActiveCfg = Release|Any CPU
		{94884E66-28CC-4AC4-9FE7-D0C7DA150764}.Release|Any CPU.Build.0 = Release|Any CPU
	EndGlobalSection
	GlobalSection(SolutionProperties) = preSolution
		HideSolutionNode = FALSE
	EndGlobalSection
	GlobalSection(ExtensibilityGlobals) = postSolution
		SolutionGuid = {C50E62A5-CBA2-4832-A689-4D0AEE159D89}
	EndGlobalSection
EndGlobal
