
Microsoft Visual Studio Solution File, Format Version 12.00
# Visual Studio Version 17
VisualStudioVersion = 17.5.33627.172
MinimumVisualStudioVersion = 10.0.40219.1
Project("{FAE04EC0-301F-11D3-BF4B-00C04F79EFBC}") = "Extensions", "Extensions\Extensions.csproj", "{F8AACD68-952D-4883-9820-7021251D6394}"
EndProject
Project("{FAE04EC0-301F-11D3-BF4B-00C04F79EFBC}") = "UserApp", "UserApp\UserApp.csproj", "{84E6FF2B-8A00-42E7-869A-D5B1D79772E6}"
EndProject
Global
	GlobalSection(SolutionConfigurationPlatforms) = preSolution
		Debug|Any CPU = Debug|Any CPU
		Release|Any CPU = Release|Any CPU
	EndGlobalSection
	GlobalSection(ProjectConfigurationPlatforms) = postSolution
		{F8AACD68-952D-4883-9820-7021251D6394}.Debug|Any CPU.ActiveCfg = Debug|Any CPU
		{F8AACD68-952D-4883-9820-7021251D6394}.Debug|Any CPU.Build.0 = Debug|Any CPU
		{F8AACD68-952D-4883-9820-7021251D6394}.Release|Any CPU.ActiveCfg = Release|Any CPU
		{F8AACD68-952D-4883-9820-7021251D6394}.Release|Any CPU.Build.0 = Release|Any CPU
		{84E6FF2B-8A00-42E7-869A-D5B1D79772E6}.Debug|Any CPU.ActiveCfg = Debug|Any CPU
		{84E6FF2B-8A00-42E7-869A-D5B1D79772E6}.Debug|Any CPU.Build.0 = Debug|Any CPU
		{84E6FF2B-8A00-42E7-869A-D5B1D79772E6}.Release|Any CPU.ActiveCfg = Release|Any CPU
		{84E6FF2B-8A00-42E7-869A-D5B1D79772E6}.Release|Any CPU.Build.0 = Release|Any CPU
	EndGlobalSection
	GlobalSection(SolutionProperties) = preSolution
		HideSolutionNode = FALSE
	EndGlobalSection
	GlobalSection(ExtensibilityGlobals) = postSolution
		SolutionGuid = {CE9DB70B-15A0-4182-B073-3443E21FA13F}
	EndGlobalSection
EndGlobal
