
Microsoft Visual Studio Solution File, Format Version 12.00
# Visual Studio Version 17
VisualStudioVersion = 17.5.33516.290
MinimumVisualStudioVersion = 10.0.40219.1
Project("{9A19103F-16F7-4668-BE54-9A1E7A4F7556}") = "SerilogStudy", "SerilogStudy\SerilogStudy.csproj", "{6C2D52D8-865F-4A92-A6C9-22C9519E2D40}"
EndProject
Project("{9A19103F-16F7-4668-BE54-9A1E7A4F7556}") = "SerilogStudy.Http", "SerilogStudy.Http\SerilogStudy.Http.csproj", "{18307090-CF00-41DD-A336-69A4D571918C}"
EndProject
Project("{FAE04EC0-301F-11D3-BF4B-00C04F79EFBC}") = "SerilogStudy.Http.Simple", "SerilogStudy.Http.Simple\SerilogStudy.Http.Simple.csproj", "{31948D63-18A6-420D-BE20-41C9A244EE65}"
EndProject
Global
	GlobalSection(SolutionConfigurationPlatforms) = preSolution
		Debug|Any CPU = Debug|Any CPU
		Release|Any CPU = Release|Any CPU
	EndGlobalSection
	GlobalSection(ProjectConfigurationPlatforms) = postSolution
		{6C2D52D8-865F-4A92-A6C9-22C9519E2D40}.Debug|Any CPU.ActiveCfg = Debug|Any CPU
		{6C2D52D8-865F-4A92-A6C9-22C9519E2D40}.Debug|Any CPU.Build.0 = Debug|Any CPU
		{6C2D52D8-865F-4A92-A6C9-22C9519E2D40}.Release|Any CPU.ActiveCfg = Release|Any CPU
		{6C2D52D8-865F-4A92-A6C9-22C9519E2D40}.Release|Any CPU.Build.0 = Release|Any CPU
		{18307090-CF00-41DD-A336-69A4D571918C}.Debug|Any CPU.ActiveCfg = Debug|Any CPU
		{18307090-CF00-41DD-A336-69A4D571918C}.Debug|Any CPU.Build.0 = Debug|Any CPU
		{18307090-CF00-41DD-A336-69A4D571918C}.Release|Any CPU.ActiveCfg = Release|Any CPU
		{18307090-CF00-41DD-A336-69A4D571918C}.Release|Any CPU.Build.0 = Release|Any CPU
		{31948D63-18A6-420D-BE20-41C9A244EE65}.Debug|Any CPU.ActiveCfg = Debug|Any CPU
		{31948D63-18A6-420D-BE20-41C9A244EE65}.Debug|Any CPU.Build.0 = Debug|Any CPU
		{31948D63-18A6-420D-BE20-41C9A244EE65}.Release|Any CPU.ActiveCfg = Release|Any CPU
		{31948D63-18A6-420D-BE20-41C9A244EE65}.Release|Any CPU.Build.0 = Release|Any CPU
	EndGlobalSection
	GlobalSection(SolutionProperties) = preSolution
		HideSolutionNode = FALSE
	EndGlobalSection
	GlobalSection(ExtensibilityGlobals) = postSolution
		SolutionGuid = {39F792CC-90C3-40B0-8F7B-E5D11DCDBF3E}
	EndGlobalSection
EndGlobal
