
Microsoft Visual Studio Solution File, Format Version 12.00
# Visual Studio 15
VisualStudioVersion = 15.0.26430.16
MinimumVisualStudioVersion = 10.0.40219.1
Project("{FAE04EC0-301F-11D3-BF4B-00C04F79EFBC}") = "ExpressionTreeStudy", "ExpressionTreeStudy\ExpressionTreeStudy.csproj", "{6157E26D-FF89-4EC5-A07C-727A98996CC1}"
EndProject
Project("{FAE04EC0-301F-11D3-BF4B-00C04F79EFBC}") = "ClassLibrary", "ClassLibrary\ClassLibrary.csproj", "{5DFBD289-6AD2-471F-B14D-9A067450482A}"
EndProject
Global
	GlobalSection(SolutionConfigurationPlatforms) = preSolution
		Debug|Any CPU = Debug|Any CPU
		Release|Any CPU = Release|Any CPU
	EndGlobalSection
	GlobalSection(ProjectConfigurationPlatforms) = postSolution
		{6157E26D-FF89-4EC5-A07C-727A98996CC1}.Debug|Any CPU.ActiveCfg = Debug|Any CPU
		{6157E26D-FF89-4EC5-A07C-727A98996CC1}.Debug|Any CPU.Build.0 = Debug|Any CPU
		{6157E26D-FF89-4EC5-A07C-727A98996CC1}.Release|Any CPU.ActiveCfg = Release|Any CPU
		{6157E26D-FF89-4EC5-A07C-727A98996CC1}.Release|Any CPU.Build.0 = Release|Any CPU
		{5DFBD289-6AD2-471F-B14D-9A067450482A}.Debug|Any CPU.ActiveCfg = Debug|Any CPU
		{5DFBD289-6AD2-471F-B14D-9A067450482A}.Debug|Any CPU.Build.0 = Debug|Any CPU
		{5DFBD289-6AD2-471F-B14D-9A067450482A}.Release|Any CPU.ActiveCfg = Release|Any CPU
		{5DFBD289-6AD2-471F-B14D-9A067450482A}.Release|Any CPU.Build.0 = Release|Any CPU
	EndGlobalSection
	GlobalSection(SolutionProperties) = preSolution
		HideSolutionNode = FALSE
	EndGlobalSection
EndGlobal
