
Microsoft Visual Studio Solution File, Format Version 12.00
# Visual Studio Version 17
VisualStudioVersion = 17.2.32505.173
MinimumVisualStudioVersion = 10.0.40219.1
Project("{FAE04EC0-301F-11D3-BF4B-00C04F79EFBC}") = "CsvReader", "CsvReader\CsvReader.csproj", "{F68CBFD0-7525-4369-A983-E73DC3CE5615}"
EndProject
Project("{FAE04EC0-301F-11D3-BF4B-00C04F79EFBC}") = "CsvReader.Test", "CsvReader.Test\CsvReader.Test.csproj", "{56B4392E-5FFA-41C3-962E-94AE6D4A2E1B}"
EndProject
Global
	GlobalSection(SolutionConfigurationPlatforms) = preSolution
		Debug|Any CPU = Debug|Any CPU
		Release|Any CPU = Release|Any CPU
	EndGlobalSection
	GlobalSection(ProjectConfigurationPlatforms) = postSolution
		{F68CBFD0-7525-4369-A983-E73DC3CE5615}.Debug|Any CPU.ActiveCfg = Debug|Any CPU
		{F68CBFD0-7525-4369-A983-E73DC3CE5615}.Debug|Any CPU.Build.0 = Debug|Any CPU
		{F68CBFD0-7525-4369-A983-E73DC3CE5615}.Release|Any CPU.ActiveCfg = Release|Any CPU
		{F68CBFD0-7525-4369-A983-E73DC3CE5615}.Release|Any CPU.Build.0 = Release|Any CPU
		{56B4392E-5FFA-41C3-962E-94AE6D4A2E1B}.Debug|Any CPU.ActiveCfg = Debug|Any CPU
		{56B4392E-5FFA-41C3-962E-94AE6D4A2E1B}.Debug|Any CPU.Build.0 = Debug|Any CPU
		{56B4392E-5FFA-41C3-962E-94AE6D4A2E1B}.Release|Any CPU.ActiveCfg = Release|Any CPU
		{56B4392E-5FFA-41C3-962E-94AE6D4A2E1B}.Release|Any CPU.Build.0 = Release|Any CPU
	EndGlobalSection
	GlobalSection(SolutionProperties) = preSolution
		HideSolutionNode = FALSE
	EndGlobalSection
	GlobalSection(ExtensibilityGlobals) = postSolution
		SolutionGuid = {45D243FB-014F-41B5-9D06-9711C1861D49}
	EndGlobalSection
EndGlobal
