
Microsoft Visual Studio Solution File, Format Version 12.00
# Visual Studio Version 17
VisualStudioVersion = 17.12.35410.144 d17.12
MinimumVisualStudioVersion = 10.0.40219.1
Project("{8BC9CEB8-8B4A-11D0-8D11-00A0C91BC942}") = "Microsoft.Management.Deployment", "..\..\winget-cli\src\Microsoft.Management.Deployment\Microsoft.Management.Deployment.vcxproj", "{1CC41A9A-AE66-459D-9210-1E572DD7BE69}"
EndProject
Project("{FAE04EC0-301F-11D3-BF4B-00C04F79EFBC}") = "Microsoft.WinGet.Client.Engine", "..\..\winget-cli\src\PowerShell\Microsoft.WinGet.Client.Engine\Microsoft.WinGet.Client.Engine.csproj", "{CBE4F4DA-5471-4B88-A362-E59022EA9C82}"
EndProject
Project("{8BC9CEB8-8B4A-11D0-8D11-00A0C91BC942}") = "Microsoft.Management.Deployment.InProc", "..\..\winget-cli\src\Microsoft.Management.Deployment.InProc\Microsoft.Management.Deployment.InProc.vcxproj", "{9AC3C6A4-1875-4D3E-BF9C-C31E81EFF6B4}"
EndProject
Project("{8BC9CEB8-8B4A-11D0-8D11-00A0C91BC942}") = "WindowsPackageManager", "..\..\winget-cli\src\WindowsPackageManager\WindowsPackageManager.vcxproj", "{2046B5AF-666D-4CE8-8D3E-C32C57908A56}"
EndProject
Project("{8BC9CEB8-8B4A-11D0-8D11-00A0C91BC942}") = "Microsoft.Management.Configuration", "..\..\winget-cli\src\Microsoft.Management.Configuration\Microsoft.Management.Configuration.vcxproj", "{CA460806-5E41-4E97-9A3D-1D74B433B663}"
EndProject
Project("{8BC9CEB8-8B4A-11D0-8D11-00A0C91BC942}") = "cpprestsdk", "..\..\winget-cli\src\cpprestsdk\cpprestsdk.vcxproj", "{866C3F06-636F-4BE8-BC24-5F86ECC606A1}"
EndProject
Project("{FAE04EC0-301F-11D3-BF4B-00C04F79EFBC}") = "Microsoft.Management.Configuration.Processor", "..\..\winget-cli\src\Microsoft.Management.Configuration.Processor\Microsoft.Management.Configuration.Processor.csproj", "{A865F2A6-597F-44F4-8823-A0BA9BA005AE}"
EndProject
Project("{8BC9CEB8-8B4A-11D0-8D11-00A0C91BC942}") = "JsonCppLib", "..\..\winget-cli\src\JsonCppLib\JsonCppLib.vcxproj", "{82B39FDA-E86B-4713-A873-9D56DE00247A}"
EndProject
Project("{FAE04EC0-301F-11D3-BF4B-00C04F79EFBC}") = "Microsoft.Management.Configuration.Projection", "..\..\winget-cli\src\Microsoft.Management.Configuration.Projection\Microsoft.Management.Configuration.Projection.csproj", "{EE7E4755-5A2C-4A20-9D47-D5370DFADC6F}"
EndProject
Project("{8BC9CEB8-8B4A-11D0-8D11-00A0C91BC942}") = "AppInstallerSharedLib", "..\..\winget-cli\src\AppInstallerSharedLib\AppInstallerSharedLib.vcxproj", "{F3F6E699-BC5D-4950-8A05-E49DD9EB0D51}"
EndProject
Project("{8BC9CEB8-8B4A-11D0-8D11-00A0C91BC942}") = "YamlCppLib", "..\..\winget-cli\src\YamlCppLib\YamlCppLib.vcxproj", "{8BB94BB8-374F-4294-BCA1-C7811514A6B7}"
EndProject
Global
	GlobalSection(SolutionConfigurationPlatforms) = preSolution
		Debug|Any CPU = Debug|Any CPU
		Debug|ARM = Debug|ARM
		Debug|ARM64 = Debug|ARM64
		Debug|x64 = Debug|x64
		Debug|x86 = Debug|x86
		Release|Any CPU = Release|Any CPU
		Release|ARM = Release|ARM
		Release|ARM64 = Release|ARM64
		Release|x64 = Release|x64
		Release|x86 = Release|x86
		ReleaseStatic|Any CPU = ReleaseStatic|Any CPU
		ReleaseStatic|ARM = ReleaseStatic|ARM
		ReleaseStatic|ARM64 = ReleaseStatic|ARM64
		ReleaseStatic|x64 = ReleaseStatic|x64
		ReleaseStatic|x86 = ReleaseStatic|x86
	EndGlobalSection
	GlobalSection(ProjectConfigurationPlatforms) = postSolution
		{1CC41A9A-AE66-459D-9210-1E572DD7BE69}.Debug|Any CPU.ActiveCfg = Debug|x64
		{1CC41A9A-AE66-459D-9210-1E572DD7BE69}.Debug|Any CPU.Build.0 = Debug|x64
		{1CC41A9A-AE66-459D-9210-1E572DD7BE69}.Debug|ARM.ActiveCfg = Debug|ARM
		{1CC41A9A-AE66-459D-9210-1E572DD7BE69}.Debug|ARM.Build.0 = Debug|ARM
		{1CC41A9A-AE66-459D-9210-1E572DD7BE69}.Debug|ARM64.ActiveCfg = Debug|ARM64
		{1CC41A9A-AE66-459D-9210-1E572DD7BE69}.Debug|ARM64.Build.0 = Debug|ARM64
		{1CC41A9A-AE66-459D-9210-1E572DD7BE69}.Debug|x64.ActiveCfg = Debug|x64
		{1CC41A9A-AE66-459D-9210-1E572DD7BE69}.Debug|x64.Build.0 = Debug|x64
		{1CC41A9A-AE66-459D-9210-1E572DD7BE69}.Debug|x86.ActiveCfg = Debug|Win32
		{1CC41A9A-AE66-459D-9210-1E572DD7BE69}.Debug|x86.Build.0 = Debug|Win32
		{1CC41A9A-AE66-459D-9210-1E572DD7BE69}.Release|Any CPU.ActiveCfg = Release|x64
		{1CC41A9A-AE66-459D-9210-1E572DD7BE69}.Release|Any CPU.Build.0 = Release|x64
		{1CC41A9A-AE66-459D-9210-1E572DD7BE69}.Release|ARM.ActiveCfg = Release|ARM
		{1CC41A9A-AE66-459D-9210-1E572DD7BE69}.Release|ARM.Build.0 = Release|ARM
		{1CC41A9A-AE66-459D-9210-1E572DD7BE69}.Release|ARM64.ActiveCfg = Release|ARM64
		{1CC41A9A-AE66-459D-9210-1E572DD7BE69}.Release|ARM64.Build.0 = Release|ARM64
		{1CC41A9A-AE66-459D-9210-1E572DD7BE69}.Release|x64.ActiveCfg = Release|x64
		{1CC41A9A-AE66-459D-9210-1E572DD7BE69}.Release|x64.Build.0 = Release|x64
		{1CC41A9A-AE66-459D-9210-1E572DD7BE69}.Release|x86.ActiveCfg = Release|Win32
		{1CC41A9A-AE66-459D-9210-1E572DD7BE69}.Release|x86.Build.0 = Release|Win32
		{1CC41A9A-AE66-459D-9210-1E572DD7BE69}.ReleaseStatic|Any CPU.ActiveCfg = ReleaseStatic|x64
		{1CC41A9A-AE66-459D-9210-1E572DD7BE69}.ReleaseStatic|Any CPU.Build.0 = ReleaseStatic|x64
		{1CC41A9A-AE66-459D-9210-1E572DD7BE69}.ReleaseStatic|ARM.ActiveCfg = ReleaseStatic|ARM
		{1CC41A9A-AE66-459D-9210-1E572DD7BE69}.ReleaseStatic|ARM.Build.0 = ReleaseStatic|ARM
		{1CC41A9A-AE66-459D-9210-1E572DD7BE69}.ReleaseStatic|ARM64.ActiveCfg = ReleaseStatic|ARM64
		{1CC41A9A-AE66-459D-9210-1E572DD7BE69}.ReleaseStatic|ARM64.Build.0 = ReleaseStatic|ARM64
		{1CC41A9A-AE66-459D-9210-1E572DD7BE69}.ReleaseStatic|x64.ActiveCfg = ReleaseStatic|x64
		{1CC41A9A-AE66-459D-9210-1E572DD7BE69}.ReleaseStatic|x64.Build.0 = ReleaseStatic|x64
		{1CC41A9A-AE66-459D-9210-1E572DD7BE69}.ReleaseStatic|x86.ActiveCfg = ReleaseStatic|Win32
		{1CC41A9A-AE66-459D-9210-1E572DD7BE69}.ReleaseStatic|x86.Build.0 = ReleaseStatic|Win32
		{CBE4F4DA-5471-4B88-A362-E59022EA9C82}.Debug|Any CPU.ActiveCfg = Debug|Any CPU
		{CBE4F4DA-5471-4B88-A362-E59022EA9C82}.Debug|Any CPU.Build.0 = Debug|Any CPU
		{CBE4F4DA-5471-4B88-A362-E59022EA9C82}.Debug|ARM.ActiveCfg = Debug|Any CPU
		{CBE4F4DA-5471-4B88-A362-E59022EA9C82}.Debug|ARM.Build.0 = Debug|Any CPU
		{CBE4F4DA-5471-4B88-A362-E59022EA9C82}.Debug|ARM64.ActiveCfg = Debug|Any CPU
		{CBE4F4DA-5471-4B88-A362-E59022EA9C82}.Debug|ARM64.Build.0 = Debug|Any CPU
		{CBE4F4DA-5471-4B88-A362-E59022EA9C82}.Debug|x64.ActiveCfg = Debug|Any CPU
		{CBE4F4DA-5471-4B88-A362-E59022EA9C82}.Debug|x64.Build.0 = Debug|Any CPU
		{CBE4F4DA-5471-4B88-A362-E59022EA9C82}.Debug|x86.ActiveCfg = Debug|Any CPU
		{CBE4F4DA-5471-4B88-A362-E59022EA9C82}.Debug|x86.Build.0 = Debug|Any CPU
		{CBE4F4DA-5471-4B88-A362-E59022EA9C82}.Release|Any CPU.ActiveCfg = Release|Any CPU
		{CBE4F4DA-5471-4B88-A362-E59022EA9C82}.Release|Any CPU.Build.0 = Release|Any CPU
		{CBE4F4DA-5471-4B88-A362-E59022EA9C82}.Release|ARM.ActiveCfg = Release|Any CPU
		{CBE4F4DA-5471-4B88-A362-E59022EA9C82}.Release|ARM.Build.0 = Release|Any CPU
		{CBE4F4DA-5471-4B88-A362-E59022EA9C82}.Release|ARM64.ActiveCfg = Release|Any CPU
		{CBE4F4DA-5471-4B88-A362-E59022EA9C82}.Release|ARM64.Build.0 = Release|Any CPU
		{CBE4F4DA-5471-4B88-A362-E59022EA9C82}.Release|x64.ActiveCfg = Release|Any CPU
		{CBE4F4DA-5471-4B88-A362-E59022EA9C82}.Release|x64.Build.0 = Release|Any CPU
		{CBE4F4DA-5471-4B88-A362-E59022EA9C82}.Release|x86.ActiveCfg = Release|Any CPU
		{CBE4F4DA-5471-4B88-A362-E59022EA9C82}.Release|x86.Build.0 = Release|Any CPU
		{CBE4F4DA-5471-4B88-A362-E59022EA9C82}.ReleaseStatic|Any CPU.ActiveCfg = ReleaseStatic|Any CPU
		{CBE4F4DA-5471-4B88-A362-E59022EA9C82}.ReleaseStatic|Any CPU.Build.0 = ReleaseStatic|Any CPU
		{CBE4F4DA-5471-4B88-A362-E59022EA9C82}.ReleaseStatic|ARM.ActiveCfg = ReleaseStatic|Any CPU
		{CBE4F4DA-5471-4B88-A362-E59022EA9C82}.ReleaseStatic|ARM.Build.0 = ReleaseStatic|Any CPU
		{CBE4F4DA-5471-4B88-A362-E59022EA9C82}.ReleaseStatic|ARM64.ActiveCfg = ReleaseStatic|Any CPU
		{CBE4F4DA-5471-4B88-A362-E59022EA9C82}.ReleaseStatic|ARM64.Build.0 = ReleaseStatic|Any CPU
		{CBE4F4DA-5471-4B88-A362-E59022EA9C82}.ReleaseStatic|x64.ActiveCfg = ReleaseStatic|Any CPU
		{CBE4F4DA-5471-4B88-A362-E59022EA9C82}.ReleaseStatic|x64.Build.0 = ReleaseStatic|Any CPU
		{CBE4F4DA-5471-4B88-A362-E59022EA9C82}.ReleaseStatic|x86.ActiveCfg = ReleaseStatic|Any CPU
		{CBE4F4DA-5471-4B88-A362-E59022EA9C82}.ReleaseStatic|x86.Build.0 = ReleaseStatic|Any CPU
		{9AC3C6A4-1875-4D3E-BF9C-C31E81EFF6B4}.Debug|Any CPU.ActiveCfg = Debug|x64
		{9AC3C6A4-1875-4D3E-BF9C-C31E81EFF6B4}.Debug|Any CPU.Build.0 = Debug|x64
		{9AC3C6A4-1875-4D3E-BF9C-C31E81EFF6B4}.Debug|ARM.ActiveCfg = Debug|ARM
		{9AC3C6A4-1875-4D3E-BF9C-C31E81EFF6B4}.Debug|ARM.Build.0 = Debug|ARM
		{9AC3C6A4-1875-4D3E-BF9C-C31E81EFF6B4}.Debug|ARM64.ActiveCfg = Debug|ARM64
		{9AC3C6A4-1875-4D3E-BF9C-C31E81EFF6B4}.Debug|ARM64.Build.0 = Debug|ARM64
		{9AC3C6A4-1875-4D3E-BF9C-C31E81EFF6B4}.Debug|x64.ActiveCfg = Debug|x64
		{9AC3C6A4-1875-4D3E-BF9C-C31E81EFF6B4}.Debug|x64.Build.0 = Debug|x64
		{9AC3C6A4-1875-4D3E-BF9C-C31E81EFF6B4}.Debug|x86.ActiveCfg = Debug|Win32
		{9AC3C6A4-1875-4D3E-BF9C-C31E81EFF6B4}.Debug|x86.Build.0 = Debug|Win32
		{9AC3C6A4-1875-4D3E-BF9C-C31E81EFF6B4}.Release|Any CPU.ActiveCfg = Release|x64
		{9AC3C6A4-1875-4D3E-BF9C-C31E81EFF6B4}.Release|Any CPU.Build.0 = Release|x64
		{9AC3C6A4-1875-4D3E-BF9C-C31E81EFF6B4}.Release|ARM.ActiveCfg = Release|ARM
		{9AC3C6A4-1875-4D3E-BF9C-C31E81EFF6B4}.Release|ARM.Build.0 = Release|ARM
		{9AC3C6A4-1875-4D3E-BF9C-C31E81EFF6B4}.Release|ARM64.ActiveCfg = Release|ARM64
		{9AC3C6A4-1875-4D3E-BF9C-C31E81EFF6B4}.Release|ARM64.Build.0 = Release|ARM64
		{9AC3C6A4-1875-4D3E-BF9C-C31E81EFF6B4}.Release|x64.ActiveCfg = Release|x64
		{9AC3C6A4-1875-4D3E-BF9C-C31E81EFF6B4}.Release|x64.Build.0 = Release|x64
		{9AC3C6A4-1875-4D3E-BF9C-C31E81EFF6B4}.Release|x86.ActiveCfg = Release|Win32
		{9AC3C6A4-1875-4D3E-BF9C-C31E81EFF6B4}.Release|x86.Build.0 = Release|Win32
		{9AC3C6A4-1875-4D3E-BF9C-C31E81EFF6B4}.ReleaseStatic|Any CPU.ActiveCfg = ReleaseStatic|x64
		{9AC3C6A4-1875-4D3E-BF9C-C31E81EFF6B4}.ReleaseStatic|Any CPU.Build.0 = ReleaseStatic|x64
		{9AC3C6A4-1875-4D3E-BF9C-C31E81EFF6B4}.ReleaseStatic|ARM.ActiveCfg = ReleaseStatic|ARM
		{9AC3C6A4-1875-4D3E-BF9C-C31E81EFF6B4}.ReleaseStatic|ARM.Build.0 = ReleaseStatic|ARM
		{9AC3C6A4-1875-4D3E-BF9C-C31E81EFF6B4}.ReleaseStatic|ARM64.ActiveCfg = ReleaseStatic|ARM64
		{9AC3C6A4-1875-4D3E-BF9C-C31E81EFF6B4}.ReleaseStatic|ARM64.Build.0 = ReleaseStatic|ARM64
		{9AC3C6A4-1875-4D3E-BF9C-C31E81EFF6B4}.ReleaseStatic|x64.ActiveCfg = ReleaseStatic|x64
		{9AC3C6A4-1875-4D3E-BF9C-C31E81EFF6B4}.ReleaseStatic|x64.Build.0 = ReleaseStatic|x64
		{9AC3C6A4-1875-4D3E-BF9C-C31E81EFF6B4}.ReleaseStatic|x86.ActiveCfg = ReleaseStatic|Win32
		{9AC3C6A4-1875-4D3E-BF9C-C31E81EFF6B4}.ReleaseStatic|x86.Build.0 = ReleaseStatic|Win32
		{2046B5AF-666D-4CE8-8D3E-C32C57908A56}.Debug|Any CPU.ActiveCfg = Debug|x64
		{2046B5AF-666D-4CE8-8D3E-C32C57908A56}.Debug|Any CPU.Build.0 = Debug|x64
		{2046B5AF-666D-4CE8-8D3E-C32C57908A56}.Debug|ARM.ActiveCfg = Debug|ARM
		{2046B5AF-666D-4CE8-8D3E-C32C57908A56}.Debug|ARM.Build.0 = Debug|ARM
		{2046B5AF-666D-4CE8-8D3E-C32C57908A56}.Debug|ARM64.ActiveCfg = Debug|ARM64
		{2046B5AF-666D-4CE8-8D3E-C32C57908A56}.Debug|ARM64.Build.0 = Debug|ARM64
		{2046B5AF-666D-4CE8-8D3E-C32C57908A56}.Debug|x64.ActiveCfg = Debug|x64
		{2046B5AF-666D-4CE8-8D3E-C32C57908A56}.Debug|x64.Build.0 = Debug|x64
		{2046B5AF-666D-4CE8-8D3E-C32C57908A56}.Debug|x86.ActiveCfg = Debug|Win32
		{2046B5AF-666D-4CE8-8D3E-C32C57908A56}.Debug|x86.Build.0 = Debug|Win32
		{2046B5AF-666D-4CE8-8D3E-C32C57908A56}.Release|Any CPU.ActiveCfg = Release|x64
		{2046B5AF-666D-4CE8-8D3E-C32C57908A56}.Release|Any CPU.Build.0 = Release|x64
		{2046B5AF-666D-4CE8-8D3E-C32C57908A56}.Release|ARM.ActiveCfg = Release|ARM
		{2046B5AF-666D-4CE8-8D3E-C32C57908A56}.Release|ARM.Build.0 = Release|ARM
		{2046B5AF-666D-4CE8-8D3E-C32C57908A56}.Release|ARM64.ActiveCfg = Release|ARM64
		{2046B5AF-666D-4CE8-8D3E-C32C57908A56}.Release|ARM64.Build.0 = Release|ARM64
		{2046B5AF-666D-4CE8-8D3E-C32C57908A56}.Release|x64.ActiveCfg = Release|x64
		{2046B5AF-666D-4CE8-8D3E-C32C57908A56}.Release|x64.Build.0 = Release|x64
		{2046B5AF-666D-4CE8-8D3E-C32C57908A56}.Release|x86.ActiveCfg = Release|Win32
		{2046B5AF-666D-4CE8-8D3E-C32C57908A56}.Release|x86.Build.0 = Release|Win32
		{2046B5AF-666D-4CE8-8D3E-C32C57908A56}.ReleaseStatic|Any CPU.ActiveCfg = ReleaseStatic|x64
		{2046B5AF-666D-4CE8-8D3E-C32C57908A56}.ReleaseStatic|Any CPU.Build.0 = ReleaseStatic|x64
		{2046B5AF-666D-4CE8-8D3E-C32C57908A56}.ReleaseStatic|ARM.ActiveCfg = ReleaseStatic|ARM
		{2046B5AF-666D-4CE8-8D3E-C32C57908A56}.ReleaseStatic|ARM.Build.0 = ReleaseStatic|ARM
		{2046B5AF-666D-4CE8-8D3E-C32C57908A56}.ReleaseStatic|ARM64.ActiveCfg = ReleaseStatic|ARM64
		{2046B5AF-666D-4CE8-8D3E-C32C57908A56}.ReleaseStatic|ARM64.Build.0 = ReleaseStatic|ARM64
		{2046B5AF-666D-4CE8-8D3E-C32C57908A56}.ReleaseStatic|x64.ActiveCfg = ReleaseStatic|x64
		{2046B5AF-666D-4CE8-8D3E-C32C57908A56}.ReleaseStatic|x64.Build.0 = ReleaseStatic|x64
		{2046B5AF-666D-4CE8-8D3E-C32C57908A56}.ReleaseStatic|x86.ActiveCfg = ReleaseStatic|Win32
		{2046B5AF-666D-4CE8-8D3E-C32C57908A56}.ReleaseStatic|x86.Build.0 = ReleaseStatic|Win32
		{CA460806-5E41-4E97-9A3D-1D74B433B663}.Debug|Any CPU.ActiveCfg = Debug|x64
		{CA460806-5E41-4E97-9A3D-1D74B433B663}.Debug|Any CPU.Build.0 = Debug|x64
		{CA460806-5E41-4E97-9A3D-1D74B433B663}.Debug|ARM.ActiveCfg = Debug|ARM
		{CA460806-5E41-4E97-9A3D-1D74B433B663}.Debug|ARM.Build.0 = Debug|ARM
		{CA460806-5E41-4E97-9A3D-1D74B433B663}.Debug|ARM64.ActiveCfg = Debug|ARM64
		{CA460806-5E41-4E97-9A3D-1D74B433B663}.Debug|ARM64.Build.0 = Debug|ARM64
		{CA460806-5E41-4E97-9A3D-1D74B433B663}.Debug|x64.ActiveCfg = Debug|x64
		{CA460806-5E41-4E97-9A3D-1D74B433B663}.Debug|x64.Build.0 = Debug|x64
		{CA460806-5E41-4E97-9A3D-1D74B433B663}.Debug|x86.ActiveCfg = Debug|Win32
		{CA460806-5E41-4E97-9A3D-1D74B433B663}.Debug|x86.Build.0 = Debug|Win32
		{CA460806-5E41-4E97-9A3D-1D74B433B663}.Release|Any CPU.ActiveCfg = Release|x64
		{CA460806-5E41-4E97-9A3D-1D74B433B663}.Release|Any CPU.Build.0 = Release|x64
		{CA460806-5E41-4E97-9A3D-1D74B433B663}.Release|ARM.ActiveCfg = Release|ARM
		{CA460806-5E41-4E97-9A3D-1D74B433B663}.Release|ARM.Build.0 = Release|ARM
		{CA460806-5E41-4E97-9A3D-1D74B433B663}.Release|ARM64.ActiveCfg = Release|ARM64
		{CA460806-5E41-4E97-9A3D-1D74B433B663}.Release|ARM64.Build.0 = Release|ARM64
		{CA460806-5E41-4E97-9A3D-1D74B433B663}.Release|x64.ActiveCfg = Release|x64
		{CA460806-5E41-4E97-9A3D-1D74B433B663}.Release|x64.Build.0 = Release|x64
		{CA460806-5E41-4E97-9A3D-1D74B433B663}.Release|x86.ActiveCfg = Release|Win32
		{CA460806-5E41-4E97-9A3D-1D74B433B663}.Release|x86.Build.0 = Release|Win32
		{CA460806-5E41-4E97-9A3D-1D74B433B663}.ReleaseStatic|Any CPU.ActiveCfg = ReleaseStatic|x64
		{CA460806-5E41-4E97-9A3D-1D74B433B663}.ReleaseStatic|Any CPU.Build.0 = ReleaseStatic|x64
		{CA460806-5E41-4E97-9A3D-1D74B433B663}.ReleaseStatic|ARM.ActiveCfg = ReleaseStatic|ARM
		{CA460806-5E41-4E97-9A3D-1D74B433B663}.ReleaseStatic|ARM.Build.0 = ReleaseStatic|ARM
		{CA460806-5E41-4E97-9A3D-1D74B433B663}.ReleaseStatic|ARM64.ActiveCfg = ReleaseStatic|ARM64
		{CA460806-5E41-4E97-9A3D-1D74B433B663}.ReleaseStatic|ARM64.Build.0 = ReleaseStatic|ARM64
		{CA460806-5E41-4E97-9A3D-1D74B433B663}.ReleaseStatic|x64.ActiveCfg = ReleaseStatic|x64
		{CA460806-5E41-4E97-9A3D-1D74B433B663}.ReleaseStatic|x64.Build.0 = ReleaseStatic|x64
		{CA460806-5E41-4E97-9A3D-1D74B433B663}.ReleaseStatic|x86.ActiveCfg = ReleaseStatic|Win32
		{CA460806-5E41-4E97-9A3D-1D74B433B663}.ReleaseStatic|x86.Build.0 = ReleaseStatic|Win32
		{866C3F06-636F-4BE8-BC24-5F86ECC606A1}.Debug|Any CPU.ActiveCfg = Debug|x64
		{866C3F06-636F-4BE8-BC24-5F86ECC606A1}.Debug|Any CPU.Build.0 = Debug|x64
		{866C3F06-636F-4BE8-BC24-5F86ECC606A1}.Debug|ARM.ActiveCfg = Debug|ARM
		{866C3F06-636F-4BE8-BC24-5F86ECC606A1}.Debug|ARM.Build.0 = Debug|ARM
		{866C3F06-636F-4BE8-BC24-5F86ECC606A1}.Debug|ARM64.ActiveCfg = Debug|ARM64
		{866C3F06-636F-4BE8-BC24-5F86ECC606A1}.Debug|ARM64.Build.0 = Debug|ARM64
		{866C3F06-636F-4BE8-BC24-5F86ECC606A1}.Debug|x64.ActiveCfg = Debug|x64
		{866C3F06-636F-4BE8-BC24-5F86ECC606A1}.Debug|x64.Build.0 = Debug|x64
		{866C3F06-636F-4BE8-BC24-5F86ECC606A1}.Debug|x86.ActiveCfg = Debug|Win32
		{866C3F06-636F-4BE8-BC24-5F86ECC606A1}.Debug|x86.Build.0 = Debug|Win32
		{866C3F06-636F-4BE8-BC24-5F86ECC606A1}.Release|Any CPU.ActiveCfg = Release|x64
		{866C3F06-636F-4BE8-BC24-5F86ECC606A1}.Release|Any CPU.Build.0 = Release|x64
		{866C3F06-636F-4BE8-BC24-5F86ECC606A1}.Release|ARM.ActiveCfg = Release|ARM
		{866C3F06-636F-4BE8-BC24-5F86ECC606A1}.Release|ARM.Build.0 = Release|ARM
		{866C3F06-636F-4BE8-BC24-5F86ECC606A1}.Release|ARM64.ActiveCfg = Release|ARM64
		{866C3F06-636F-4BE8-BC24-5F86ECC606A1}.Release|ARM64.Build.0 = Release|ARM64
		{866C3F06-636F-4BE8-BC24-5F86ECC606A1}.Release|x64.ActiveCfg = Release|x64
		{866C3F06-636F-4BE8-BC24-5F86ECC606A1}.Release|x64.Build.0 = Release|x64
		{866C3F06-636F-4BE8-BC24-5F86ECC606A1}.Release|x86.ActiveCfg = Release|Win32
		{866C3F06-636F-4BE8-BC24-5F86ECC606A1}.Release|x86.Build.0 = Release|Win32
		{866C3F06-636F-4BE8-BC24-5F86ECC606A1}.ReleaseStatic|Any CPU.ActiveCfg = ReleaseStatic|x64
		{866C3F06-636F-4BE8-BC24-5F86ECC606A1}.ReleaseStatic|Any CPU.Build.0 = ReleaseStatic|x64
		{866C3F06-636F-4BE8-BC24-5F86ECC606A1}.ReleaseStatic|ARM.ActiveCfg = ReleaseStatic|ARM
		{866C3F06-636F-4BE8-BC24-5F86ECC606A1}.ReleaseStatic|ARM.Build.0 = ReleaseStatic|ARM
		{866C3F06-636F-4BE8-BC24-5F86ECC606A1}.ReleaseStatic|ARM64.ActiveCfg = ReleaseStatic|ARM64
		{866C3F06-636F-4BE8-BC24-5F86ECC606A1}.ReleaseStatic|ARM64.Build.0 = ReleaseStatic|ARM64
		{866C3F06-636F-4BE8-BC24-5F86ECC606A1}.ReleaseStatic|x64.ActiveCfg = ReleaseStatic|x64
		{866C3F06-636F-4BE8-BC24-5F86ECC606A1}.ReleaseStatic|x64.Build.0 = ReleaseStatic|x64
		{866C3F06-636F-4BE8-BC24-5F86ECC606A1}.ReleaseStatic|x86.ActiveCfg = ReleaseStatic|Win32
		{866C3F06-636F-4BE8-BC24-5F86ECC606A1}.ReleaseStatic|x86.Build.0 = ReleaseStatic|Win32
		{A865F2A6-597F-44F4-8823-A0BA9BA005AE}.Debug|Any CPU.ActiveCfg = Debug|Any CPU
		{A865F2A6-597F-44F4-8823-A0BA9BA005AE}.Debug|Any CPU.Build.0 = Debug|Any CPU
		{A865F2A6-597F-44F4-8823-A0BA9BA005AE}.Debug|ARM.ActiveCfg = Debug|Any CPU
		{A865F2A6-597F-44F4-8823-A0BA9BA005AE}.Debug|ARM.Build.0 = Debug|Any CPU
		{A865F2A6-597F-44F4-8823-A0BA9BA005AE}.Debug|ARM64.ActiveCfg = Debug|Any CPU
		{A865F2A6-597F-44F4-8823-A0BA9BA005AE}.Debug|ARM64.Build.0 = Debug|Any CPU
		{A865F2A6-597F-44F4-8823-A0BA9BA005AE}.Debug|x64.ActiveCfg = Debug|Any CPU
		{A865F2A6-597F-44F4-8823-A0BA9BA005AE}.Debug|x64.Build.0 = Debug|Any CPU
		{A865F2A6-597F-44F4-8823-A0BA9BA005AE}.Debug|x86.ActiveCfg = Debug|Any CPU
		{A865F2A6-597F-44F4-8823-A0BA9BA005AE}.Debug|x86.Build.0 = Debug|Any CPU
		{A865F2A6-597F-44F4-8823-A0BA9BA005AE}.Release|Any CPU.ActiveCfg = Release|Any CPU
		{A865F2A6-597F-44F4-8823-A0BA9BA005AE}.Release|Any CPU.Build.0 = Release|Any CPU
		{A865F2A6-597F-44F4-8823-A0BA9BA005AE}.Release|ARM.ActiveCfg = Release|Any CPU
		{A865F2A6-597F-44F4-8823-A0BA9BA005AE}.Release|ARM.Build.0 = Release|Any CPU
		{A865F2A6-597F-44F4-8823-A0BA9BA005AE}.Release|ARM64.ActiveCfg = Release|Any CPU
		{A865F2A6-597F-44F4-8823-A0BA9BA005AE}.Release|ARM64.Build.0 = Release|Any CPU
		{A865F2A6-597F-44F4-8823-A0BA9BA005AE}.Release|x64.ActiveCfg = Release|Any CPU
		{A865F2A6-597F-44F4-8823-A0BA9BA005AE}.Release|x64.Build.0 = Release|Any CPU
		{A865F2A6-597F-44F4-8823-A0BA9BA005AE}.Release|x86.ActiveCfg = Release|Any CPU
		{A865F2A6-597F-44F4-8823-A0BA9BA005AE}.Release|x86.Build.0 = Release|Any CPU
		{A865F2A6-597F-44F4-8823-A0BA9BA005AE}.ReleaseStatic|Any CPU.ActiveCfg = ReleaseStatic|Any CPU
		{A865F2A6-597F-44F4-8823-A0BA9BA005AE}.ReleaseStatic|Any CPU.Build.0 = ReleaseStatic|Any CPU
		{A865F2A6-597F-44F4-8823-A0BA9BA005AE}.ReleaseStatic|ARM.ActiveCfg = ReleaseStatic|Any CPU
		{A865F2A6-597F-44F4-8823-A0BA9BA005AE}.ReleaseStatic|ARM.Build.0 = ReleaseStatic|Any CPU
		{A865F2A6-597F-44F4-8823-A0BA9BA005AE}.ReleaseStatic|ARM64.ActiveCfg = ReleaseStatic|Any CPU
		{A865F2A6-597F-44F4-8823-A0BA9BA005AE}.ReleaseStatic|ARM64.Build.0 = ReleaseStatic|Any CPU
		{A865F2A6-597F-44F4-8823-A0BA9BA005AE}.ReleaseStatic|x64.ActiveCfg = ReleaseStatic|Any CPU
		{A865F2A6-597F-44F4-8823-A0BA9BA005AE}.ReleaseStatic|x64.Build.0 = ReleaseStatic|Any CPU
		{A865F2A6-597F-44F4-8823-A0BA9BA005AE}.ReleaseStatic|x86.ActiveCfg = ReleaseStatic|Any CPU
		{A865F2A6-597F-44F4-8823-A0BA9BA005AE}.ReleaseStatic|x86.Build.0 = ReleaseStatic|Any CPU
		{82B39FDA-E86B-4713-A873-9D56DE00247A}.Debug|Any CPU.ActiveCfg = Debug|x64
		{82B39FDA-E86B-4713-A873-9D56DE00247A}.Debug|Any CPU.Build.0 = Debug|x64
		{82B39FDA-E86B-4713-A873-9D56DE00247A}.Debug|ARM.ActiveCfg = Debug|ARM
		{82B39FDA-E86B-4713-A873-9D56DE00247A}.Debug|ARM.Build.0 = Debug|ARM
		{82B39FDA-E86B-4713-A873-9D56DE00247A}.Debug|ARM64.ActiveCfg = Debug|ARM64
		{82B39FDA-E86B-4713-A873-9D56DE00247A}.Debug|ARM64.Build.0 = Debug|ARM64
		{82B39FDA-E86B-4713-A873-9D56DE00247A}.Debug|x64.ActiveCfg = Debug|x64
		{82B39FDA-E86B-4713-A873-9D56DE00247A}.Debug|x64.Build.0 = Debug|x64
		{82B39FDA-E86B-4713-A873-9D56DE00247A}.Debug|x86.ActiveCfg = Debug|Win32
		{82B39FDA-E86B-4713-A873-9D56DE00247A}.Debug|x86.Build.0 = Debug|Win32
		{82B39FDA-E86B-4713-A873-9D56DE00247A}.Release|Any CPU.ActiveCfg = Release|x64
		{82B39FDA-E86B-4713-A873-9D56DE00247A}.Release|Any CPU.Build.0 = Release|x64
		{82B39FDA-E86B-4713-A873-9D56DE00247A}.Release|ARM.ActiveCfg = Release|ARM
		{82B39FDA-E86B-4713-A873-9D56DE00247A}.Release|ARM.Build.0 = Release|ARM
		{82B39FDA-E86B-4713-A873-9D56DE00247A}.Release|ARM64.ActiveCfg = Release|ARM64
		{82B39FDA-E86B-4713-A873-9D56DE00247A}.Release|ARM64.Build.0 = Release|ARM64
		{82B39FDA-E86B-4713-A873-9D56DE00247A}.Release|x64.ActiveCfg = Release|x64
		{82B39FDA-E86B-4713-A873-9D56DE00247A}.Release|x64.Build.0 = Release|x64
		{82B39FDA-E86B-4713-A873-9D56DE00247A}.Release|x86.ActiveCfg = Release|Win32
		{82B39FDA-E86B-4713-A873-9D56DE00247A}.Release|x86.Build.0 = Release|Win32
		{82B39FDA-E86B-4713-A873-9D56DE00247A}.ReleaseStatic|Any CPU.ActiveCfg = ReleaseStatic|x64
		{82B39FDA-E86B-4713-A873-9D56DE00247A}.ReleaseStatic|Any CPU.Build.0 = ReleaseStatic|x64
		{82B39FDA-E86B-4713-A873-9D56DE00247A}.ReleaseStatic|ARM.ActiveCfg = ReleaseStatic|ARM
		{82B39FDA-E86B-4713-A873-9D56DE00247A}.ReleaseStatic|ARM.Build.0 = ReleaseStatic|ARM
		{82B39FDA-E86B-4713-A873-9D56DE00247A}.ReleaseStatic|ARM64.ActiveCfg = ReleaseStatic|ARM64
		{82B39FDA-E86B-4713-A873-9D56DE00247A}.ReleaseStatic|ARM64.Build.0 = ReleaseStatic|ARM64
		{82B39FDA-E86B-4713-A873-9D56DE00247A}.ReleaseStatic|x64.ActiveCfg = ReleaseStatic|x64
		{82B39FDA-E86B-4713-A873-9D56DE00247A}.ReleaseStatic|x64.Build.0 = ReleaseStatic|x64
		{82B39FDA-E86B-4713-A873-9D56DE00247A}.ReleaseStatic|x86.ActiveCfg = ReleaseStatic|Win32
		{82B39FDA-E86B-4713-A873-9D56DE00247A}.ReleaseStatic|x86.Build.0 = ReleaseStatic|Win32
		{EE7E4755-5A2C-4A20-9D47-D5370DFADC6F}.Debug|Any CPU.ActiveCfg = Debug|Any CPU
		{EE7E4755-5A2C-4A20-9D47-D5370DFADC6F}.Debug|Any CPU.Build.0 = Debug|Any CPU
		{EE7E4755-5A2C-4A20-9D47-D5370DFADC6F}.Debug|ARM.ActiveCfg = Debug|Any CPU
		{EE7E4755-5A2C-4A20-9D47-D5370DFADC6F}.Debug|ARM.Build.0 = Debug|Any CPU
		{EE7E4755-5A2C-4A20-9D47-D5370DFADC6F}.Debug|ARM64.ActiveCfg = Debug|Any CPU
		{EE7E4755-5A2C-4A20-9D47-D5370DFADC6F}.Debug|ARM64.Build.0 = Debug|Any CPU
		{EE7E4755-5A2C-4A20-9D47-D5370DFADC6F}.Debug|x64.ActiveCfg = Debug|Any CPU
		{EE7E4755-5A2C-4A20-9D47-D5370DFADC6F}.Debug|x64.Build.0 = Debug|Any CPU
		{EE7E4755-5A2C-4A20-9D47-D5370DFADC6F}.Debug|x86.ActiveCfg = Debug|Any CPU
		{EE7E4755-5A2C-4A20-9D47-D5370DFADC6F}.Debug|x86.Build.0 = Debug|Any CPU
		{EE7E4755-5A2C-4A20-9D47-D5370DFADC6F}.Release|Any CPU.ActiveCfg = Release|Any CPU
		{EE7E4755-5A2C-4A20-9D47-D5370DFADC6F}.Release|Any CPU.Build.0 = Release|Any CPU
		{EE7E4755-5A2C-4A20-9D47-D5370DFADC6F}.Release|ARM.ActiveCfg = Release|Any CPU
		{EE7E4755-5A2C-4A20-9D47-D5370DFADC6F}.Release|ARM.Build.0 = Release|Any CPU
		{EE7E4755-5A2C-4A20-9D47-D5370DFADC6F}.Release|ARM64.ActiveCfg = Release|Any CPU
		{EE7E4755-5A2C-4A20-9D47-D5370DFADC6F}.Release|ARM64.Build.0 = Release|Any CPU
		{EE7E4755-5A2C-4A20-9D47-D5370DFADC6F}.Release|x64.ActiveCfg = Release|Any CPU
		{EE7E4755-5A2C-4A20-9D47-D5370DFADC6F}.Release|x64.Build.0 = Release|Any CPU
		{EE7E4755-5A2C-4A20-9D47-D5370DFADC6F}.Release|x86.ActiveCfg = Release|Any CPU
		{EE7E4755-5A2C-4A20-9D47-D5370DFADC6F}.Release|x86.Build.0 = Release|Any CPU
		{EE7E4755-5A2C-4A20-9D47-D5370DFADC6F}.ReleaseStatic|Any CPU.ActiveCfg = ReleaseStatic|Any CPU
		{EE7E4755-5A2C-4A20-9D47-D5370DFADC6F}.ReleaseStatic|Any CPU.Build.0 = ReleaseStatic|Any CPU
		{EE7E4755-5A2C-4A20-9D47-D5370DFADC6F}.ReleaseStatic|ARM.ActiveCfg = ReleaseStatic|Any CPU
		{EE7E4755-5A2C-4A20-9D47-D5370DFADC6F}.ReleaseStatic|ARM.Build.0 = ReleaseStatic|Any CPU
		{EE7E4755-5A2C-4A20-9D47-D5370DFADC6F}.ReleaseStatic|ARM64.ActiveCfg = ReleaseStatic|Any CPU
		{EE7E4755-5A2C-4A20-9D47-D5370DFADC6F}.ReleaseStatic|ARM64.Build.0 = ReleaseStatic|Any CPU
		{EE7E4755-5A2C-4A20-9D47-D5370DFADC6F}.ReleaseStatic|x64.ActiveCfg = ReleaseStatic|Any CPU
		{EE7E4755-5A2C-4A20-9D47-D5370DFADC6F}.ReleaseStatic|x64.Build.0 = ReleaseStatic|Any CPU
		{EE7E4755-5A2C-4A20-9D47-D5370DFADC6F}.ReleaseStatic|x86.ActiveCfg = ReleaseStatic|Any CPU
		{EE7E4755-5A2C-4A20-9D47-D5370DFADC6F}.ReleaseStatic|x86.Build.0 = ReleaseStatic|Any CPU
		{F3F6E699-BC5D-4950-8A05-E49DD9EB0D51}.Debug|Any CPU.ActiveCfg = Debug|x64
		{F3F6E699-BC5D-4950-8A05-E49DD9EB0D51}.Debug|Any CPU.Build.0 = Debug|x64
		{F3F6E699-BC5D-4950-8A05-E49DD9EB0D51}.Debug|ARM.ActiveCfg = Debug|ARM
		{F3F6E699-BC5D-4950-8A05-E49DD9EB0D51}.Debug|ARM.Build.0 = Debug|ARM
		{F3F6E699-BC5D-4950-8A05-E49DD9EB0D51}.Debug|ARM64.ActiveCfg = Debug|ARM64
		{F3F6E699-BC5D-4950-8A05-E49DD9EB0D51}.Debug|ARM64.Build.0 = Debug|ARM64
		{F3F6E699-BC5D-4950-8A05-E49DD9EB0D51}.Debug|x64.ActiveCfg = Debug|x64
		{F3F6E699-BC5D-4950-8A05-E49DD9EB0D51}.Debug|x64.Build.0 = Debug|x64
		{F3F6E699-BC5D-4950-8A05-E49DD9EB0D51}.Debug|x86.ActiveCfg = Debug|Win32
		{F3F6E699-BC5D-4950-8A05-E49DD9EB0D51}.Debug|x86.Build.0 = Debug|Win32
		{F3F6E699-BC5D-4950-8A05-E49DD9EB0D51}.Release|Any CPU.ActiveCfg = Release|x64
		{F3F6E699-BC5D-4950-8A05-E49DD9EB0D51}.Release|Any CPU.Build.0 = Release|x64
		{F3F6E699-BC5D-4950-8A05-E49DD9EB0D51}.Release|ARM.ActiveCfg = Release|ARM
		{F3F6E699-BC5D-4950-8A05-E49DD9EB0D51}.Release|ARM.Build.0 = Release|ARM
		{F3F6E699-BC5D-4950-8A05-E49DD9EB0D51}.Release|ARM64.ActiveCfg = Release|ARM64
		{F3F6E699-BC5D-4950-8A05-E49DD9EB0D51}.Release|ARM64.Build.0 = Release|ARM64
		{F3F6E699-BC5D-4950-8A05-E49DD9EB0D51}.Release|x64.ActiveCfg = Release|x64
		{F3F6E699-BC5D-4950-8A05-E49DD9EB0D51}.Release|x64.Build.0 = Release|x64
		{F3F6E699-BC5D-4950-8A05-E49DD9EB0D51}.Release|x86.ActiveCfg = Release|Win32
		{F3F6E699-BC5D-4950-8A05-E49DD9EB0D51}.Release|x86.Build.0 = Release|Win32
		{F3F6E699-BC5D-4950-8A05-E49DD9EB0D51}.ReleaseStatic|Any CPU.ActiveCfg = ReleaseStatic|x64
		{F3F6E699-BC5D-4950-8A05-E49DD9EB0D51}.ReleaseStatic|Any CPU.Build.0 = ReleaseStatic|x64
		{F3F6E699-BC5D-4950-8A05-E49DD9EB0D51}.ReleaseStatic|ARM.ActiveCfg = ReleaseStatic|ARM
		{F3F6E699-BC5D-4950-8A05-E49DD9EB0D51}.ReleaseStatic|ARM.Build.0 = ReleaseStatic|ARM
		{F3F6E699-BC5D-4950-8A05-E49DD9EB0D51}.ReleaseStatic|ARM64.ActiveCfg = ReleaseStatic|ARM64
		{F3F6E699-BC5D-4950-8A05-E49DD9EB0D51}.ReleaseStatic|ARM64.Build.0 = ReleaseStatic|ARM64
		{F3F6E699-BC5D-4950-8A05-E49DD9EB0D51}.ReleaseStatic|x64.ActiveCfg = ReleaseStatic|x64
		{F3F6E699-BC5D-4950-8A05-E49DD9EB0D51}.ReleaseStatic|x64.Build.0 = ReleaseStatic|x64
		{F3F6E699-BC5D-4950-8A05-E49DD9EB0D51}.ReleaseStatic|x86.ActiveCfg = ReleaseStatic|Win32
		{F3F6E699-BC5D-4950-8A05-E49DD9EB0D51}.ReleaseStatic|x86.Build.0 = ReleaseStatic|Win32
		{8BB94BB8-374F-4294-BCA1-C7811514A6B7}.Debug|Any CPU.ActiveCfg = Debug|x64
		{8BB94BB8-374F-4294-BCA1-C7811514A6B7}.Debug|Any CPU.Build.0 = Debug|x64
		{8BB94BB8-374F-4294-BCA1-C7811514A6B7}.Debug|ARM.ActiveCfg = Debug|ARM
		{8BB94BB8-374F-4294-BCA1-C7811514A6B7}.Debug|ARM.Build.0 = Debug|ARM
		{8BB94BB8-374F-4294-BCA1-C7811514A6B7}.Debug|ARM64.ActiveCfg = Debug|ARM64
		{8BB94BB8-374F-4294-BCA1-C7811514A6B7}.Debug|ARM64.Build.0 = Debug|ARM64
		{8BB94BB8-374F-4294-BCA1-C7811514A6B7}.Debug|x64.ActiveCfg = Debug|x64
		{8BB94BB8-374F-4294-BCA1-C7811514A6B7}.Debug|x64.Build.0 = Debug|x64
		{8BB94BB8-374F-4294-BCA1-C7811514A6B7}.Debug|x86.ActiveCfg = Debug|Win32
		{8BB94BB8-374F-4294-BCA1-C7811514A6B7}.Debug|x86.Build.0 = Debug|Win32
		{8BB94BB8-374F-4294-BCA1-C7811514A6B7}.Release|Any CPU.ActiveCfg = Release|x64
		{8BB94BB8-374F-4294-BCA1-C7811514A6B7}.Release|Any CPU.Build.0 = Release|x64
		{8BB94BB8-374F-4294-BCA1-C7811514A6B7}.Release|ARM.ActiveCfg = Release|ARM
		{8BB94BB8-374F-4294-BCA1-C7811514A6B7}.Release|ARM.Build.0 = Release|ARM
		{8BB94BB8-374F-4294-BCA1-C7811514A6B7}.Release|ARM64.ActiveCfg = Release|ARM64
		{8BB94BB8-374F-4294-BCA1-C7811514A6B7}.Release|ARM64.Build.0 = Release|ARM64
		{8BB94BB8-374F-4294-BCA1-C7811514A6B7}.Release|x64.ActiveCfg = Release|x64
		{8BB94BB8-374F-4294-BCA1-C7811514A6B7}.Release|x64.Build.0 = Release|x64
		{8BB94BB8-374F-4294-BCA1-C7811514A6B7}.Release|x86.ActiveCfg = Release|Win32
		{8BB94BB8-374F-4294-BCA1-C7811514A6B7}.Release|x86.Build.0 = Release|Win32
		{8BB94BB8-374F-4294-BCA1-C7811514A6B7}.ReleaseStatic|Any CPU.ActiveCfg = ReleaseStatic|x64
		{8BB94BB8-374F-4294-BCA1-C7811514A6B7}.ReleaseStatic|Any CPU.Build.0 = ReleaseStatic|x64
		{8BB94BB8-374F-4294-BCA1-C7811514A6B7}.ReleaseStatic|ARM.ActiveCfg = ReleaseStatic|ARM
		{8BB94BB8-374F-4294-BCA1-C7811514A6B7}.ReleaseStatic|ARM.Build.0 = ReleaseStatic|ARM
		{8BB94BB8-374F-4294-BCA1-C7811514A6B7}.ReleaseStatic|ARM64.ActiveCfg = ReleaseStatic|ARM64
		{8BB94BB8-374F-4294-BCA1-C7811514A6B7}.ReleaseStatic|ARM64.Build.0 = ReleaseStatic|ARM64
		{8BB94BB8-374F-4294-BCA1-C7811514A6B7}.ReleaseStatic|x64.ActiveCfg = ReleaseStatic|x64
		{8BB94BB8-374F-4294-BCA1-C7811514A6B7}.ReleaseStatic|x64.Build.0 = ReleaseStatic|x64
		{8BB94BB8-374F-4294-BCA1-C7811514A6B7}.ReleaseStatic|x86.ActiveCfg = ReleaseStatic|Win32
		{8BB94BB8-374F-4294-BCA1-C7811514A6B7}.ReleaseStatic|x86.Build.0 = ReleaseStatic|Win32
	EndGlobalSection
	GlobalSection(SolutionProperties) = preSolution
		HideSolutionNode = FALSE
	EndGlobalSection
	GlobalSection(SharedMSBuildProjectFiles) = preSolution
		..\..\winget-cli\src\COMServer\COMServer.vcxitems*{1cc41a9a-ae66-459d-9210-1e572dd7be69}*SharedItemsImports = 4
		..\..\winget-cli\src\binver\binver.vcxitems*{2046b5af-666d-4ce8-8d3e-c32c57908a56}*SharedItemsImports = 4
		..\..\winget-cli\src\CertificateResources\CertificateResources.vcxitems*{2046b5af-666d-4ce8-8d3e-c32c57908a56}*SharedItemsImports = 4
		..\..\winget-cli\src\COMServer\COMServer.vcxitems*{2046b5af-666d-4ce8-8d3e-c32c57908a56}*SharedItemsImports = 4
		..\..\winget-cli\src\ManifestSchema\ManifestSchema.vcxitems*{2046b5af-666d-4ce8-8d3e-c32c57908a56}*SharedItemsImports = 4
		..\..\winget-cli\src\WinGetSchemas\WinGetSchemas.vcxitems*{2046b5af-666d-4ce8-8d3e-c32c57908a56}*SharedItemsImports = 4
		..\..\winget-cli\src\Valijson\Valijson.vcxitems*{f3f6e699-bc5d-4950-8a05-e49dd9eb0d51}*SharedItemsImports = 4
	EndGlobalSection
EndGlobal
