
Microsoft Visual Studio Solution File, Format Version 12.00
# Visual Studio Version 17
VisualStudioVersion = 17.8.34309.116
MinimumVisualStudioVersion = 10.0.40219.1
Project("{9A19103F-16F7-4668-BE54-9A1E7A4F7556}") = "PdfStudy.Benchmark", "PdfStudy\PdfStudy.Benchmark.csproj", "{3046A916-251F-413A-855E-363446CC240F}"
EndProject
Project("{9A19103F-16F7-4668-BE54-9A1E7A4F7556}") = "PdfStudy.Xfinium", "PdfStudy.Xfinium\PdfStudy.Xfinium.csproj", "{C9B25579-A74D-43CA-A01B-A59C88DA3E19}"
EndProject
Project("{9A19103F-16F7-4668-BE54-9A1E7A4F7556}") = "PdfStudy.Aspose", "PdfStudy.Aspose\PdfStudy.Aspose.csproj", "{FDCBB625-5995-4223-A82C-7814DE10E52A}"
EndProject
Project("{9A19103F-16F7-4668-BE54-9A1E7A4F7556}") = "PdfStudy.PDFtoImage", "PdfStudy.PDFtoImage\PdfStudy.PDFtoImage.csproj", "{744DE298-FA6F-4B88-B572-F7E2187D47C8}"
EndProject
Project("{9A19103F-16F7-4668-BE54-9A1E7A4F7556}") = "PdfStudy.Test", "PdfStudy.Test\PdfStudy.Test.csproj", "{4CF78FCD-BA16-4010-93CA-6EDB558E6426}"
EndProject
Project("{9A19103F-16F7-4668-BE54-9A1E7A4F7556}") = "PdfStudy.WindowsDataPdf", "PdfStudy.WindowsDataPdf\PdfStudy.WindowsDataPdf.csproj", "{0075EB50-B3DE-4FD6-9AC0-348F6B391747}"
EndProject
Project("{9A19103F-16F7-4668-BE54-9A1E7A4F7556}") = "PdfStudy.Wpf", "PdfStudy.Wpf\PdfStudy.Wpf.csproj", "{C52F68FC-95DD-4623-8CA3-98E33C72B6F4}"
EndProject
Project("{FAE04EC0-301F-11D3-BF4B-00C04F79EFBC}") = "PdfStudy.Console", "PdfStudy.Console\PdfStudy.Console.csproj", "{AA8072FA-0C82-4C5C-85AE-26CCE2FDDD7B}"
EndProject
Global
	GlobalSection(SolutionConfigurationPlatforms) = preSolution
		Debug|Any CPU = Debug|Any CPU
		Debug|ARM = Debug|ARM
		Debug|ARM64 = Debug|ARM64
		Debug|x64 = Debug|x64
		Debug|x86 = Debug|x86
		Release|Any CPU = Release|Any CPU
		Release|ARM = Release|ARM
		Release|ARM64 = Release|ARM64
		Release|x64 = Release|x64
		Release|x86 = Release|x86
	EndGlobalSection
	GlobalSection(ProjectConfigurationPlatforms) = postSolution
		{3046A916-251F-413A-855E-363446CC240F}.Debug|Any CPU.ActiveCfg = Debug|Any CPU
		{3046A916-251F-413A-855E-363446CC240F}.Debug|Any CPU.Build.0 = Debug|Any CPU
		{3046A916-251F-413A-855E-363446CC240F}.Debug|ARM.ActiveCfg = Debug|Any CPU
		{3046A916-251F-413A-855E-363446CC240F}.Debug|ARM.Build.0 = Debug|Any CPU
		{3046A916-251F-413A-855E-363446CC240F}.Debug|ARM64.ActiveCfg = Debug|Any CPU
		{3046A916-251F-413A-855E-363446CC240F}.Debug|ARM64.Build.0 = Debug|Any CPU
		{3046A916-251F-413A-855E-363446CC240F}.Debug|x64.ActiveCfg = Debug|Any CPU
		{3046A916-251F-413A-855E-363446CC240F}.Debug|x64.Build.0 = Debug|Any CPU
		{3046A916-251F-413A-855E-363446CC240F}.Debug|x86.ActiveCfg = Debug|Any CPU
		{3046A916-251F-413A-855E-363446CC240F}.Debug|x86.Build.0 = Debug|Any CPU
		{3046A916-251F-413A-855E-363446CC240F}.Release|Any CPU.ActiveCfg = Release|Any CPU
		{3046A916-251F-413A-855E-363446CC240F}.Release|Any CPU.Build.0 = Release|Any CPU
		{3046A916-251F-413A-855E-363446CC240F}.Release|ARM.ActiveCfg = Release|Any CPU
		{3046A916-251F-413A-855E-363446CC240F}.Release|ARM.Build.0 = Release|Any CPU
		{3046A916-251F-413A-855E-363446CC240F}.Release|ARM64.ActiveCfg = Release|Any CPU
		{3046A916-251F-413A-855E-363446CC240F}.Release|ARM64.Build.0 = Release|Any CPU
		{3046A916-251F-413A-855E-363446CC240F}.Release|x64.ActiveCfg = Release|Any CPU
		{3046A916-251F-413A-855E-363446CC240F}.Release|x64.Build.0 = Release|Any CPU
		{3046A916-251F-413A-855E-363446CC240F}.Release|x86.ActiveCfg = Release|Any CPU
		{3046A916-251F-413A-855E-363446CC240F}.Release|x86.Build.0 = Release|Any CPU
		{C9B25579-A74D-43CA-A01B-A59C88DA3E19}.Debug|Any CPU.ActiveCfg = Debug|Any CPU
		{C9B25579-A74D-43CA-A01B-A59C88DA3E19}.Debug|Any CPU.Build.0 = Debug|Any CPU
		{C9B25579-A74D-43CA-A01B-A59C88DA3E19}.Debug|ARM.ActiveCfg = Debug|Any CPU
		{C9B25579-A74D-43CA-A01B-A59C88DA3E19}.Debug|ARM.Build.0 = Debug|Any CPU
		{C9B25579-A74D-43CA-A01B-A59C88DA3E19}.Debug|ARM64.ActiveCfg = Debug|Any CPU
		{C9B25579-A74D-43CA-A01B-A59C88DA3E19}.Debug|ARM64.Build.0 = Debug|Any CPU
		{C9B25579-A74D-43CA-A01B-A59C88DA3E19}.Debug|x64.ActiveCfg = Debug|Any CPU
		{C9B25579-A74D-43CA-A01B-A59C88DA3E19}.Debug|x64.Build.0 = Debug|Any CPU
		{C9B25579-A74D-43CA-A01B-A59C88DA3E19}.Debug|x86.ActiveCfg = Debug|Any CPU
		{C9B25579-A74D-43CA-A01B-A59C88DA3E19}.Debug|x86.Build.0 = Debug|Any CPU
		{C9B25579-A74D-43CA-A01B-A59C88DA3E19}.Release|Any CPU.ActiveCfg = Release|Any CPU
		{C9B25579-A74D-43CA-A01B-A59C88DA3E19}.Release|Any CPU.Build.0 = Release|Any CPU
		{C9B25579-A74D-43CA-A01B-A59C88DA3E19}.Release|ARM.ActiveCfg = Release|Any CPU
		{C9B25579-A74D-43CA-A01B-A59C88DA3E19}.Release|ARM.Build.0 = Release|Any CPU
		{C9B25579-A74D-43CA-A01B-A59C88DA3E19}.Release|ARM64.ActiveCfg = Release|Any CPU
		{C9B25579-A74D-43CA-A01B-A59C88DA3E19}.Release|ARM64.Build.0 = Release|Any CPU
		{C9B25579-A74D-43CA-A01B-A59C88DA3E19}.Release|x64.ActiveCfg = Release|Any CPU
		{C9B25579-A74D-43CA-A01B-A59C88DA3E19}.Release|x64.Build.0 = Release|Any CPU
		{C9B25579-A74D-43CA-A01B-A59C88DA3E19}.Release|x86.ActiveCfg = Release|Any CPU
		{C9B25579-A74D-43CA-A01B-A59C88DA3E19}.Release|x86.Build.0 = Release|Any CPU
		{FDCBB625-5995-4223-A82C-7814DE10E52A}.Debug|Any CPU.ActiveCfg = Debug|Any CPU
		{FDCBB625-5995-4223-A82C-7814DE10E52A}.Debug|Any CPU.Build.0 = Debug|Any CPU
		{FDCBB625-5995-4223-A82C-7814DE10E52A}.Debug|ARM.ActiveCfg = Debug|Any CPU
		{FDCBB625-5995-4223-A82C-7814DE10E52A}.Debug|ARM.Build.0 = Debug|Any CPU
		{FDCBB625-5995-4223-A82C-7814DE10E52A}.Debug|ARM64.ActiveCfg = Debug|Any CPU
		{FDCBB625-5995-4223-A82C-7814DE10E52A}.Debug|ARM64.Build.0 = Debug|Any CPU
		{FDCBB625-5995-4223-A82C-7814DE10E52A}.Debug|x64.ActiveCfg = Debug|Any CPU
		{FDCBB625-5995-4223-A82C-7814DE10E52A}.Debug|x64.Build.0 = Debug|Any CPU
		{FDCBB625-5995-4223-A82C-7814DE10E52A}.Debug|x86.ActiveCfg = Debug|Any CPU
		{FDCBB625-5995-4223-A82C-7814DE10E52A}.Debug|x86.Build.0 = Debug|Any CPU
		{FDCBB625-5995-4223-A82C-7814DE10E52A}.Release|Any CPU.ActiveCfg = Release|Any CPU
		{FDCBB625-5995-4223-A82C-7814DE10E52A}.Release|Any CPU.Build.0 = Release|Any CPU
		{FDCBB625-5995-4223-A82C-7814DE10E52A}.Release|ARM.ActiveCfg = Release|Any CPU
		{FDCBB625-5995-4223-A82C-7814DE10E52A}.Release|ARM.Build.0 = Release|Any CPU
		{FDCBB625-5995-4223-A82C-7814DE10E52A}.Release|ARM64.ActiveCfg = Release|Any CPU
		{FDCBB625-5995-4223-A82C-7814DE10E52A}.Release|ARM64.Build.0 = Release|Any CPU
		{FDCBB625-5995-4223-A82C-7814DE10E52A}.Release|x64.ActiveCfg = Release|Any CPU
		{FDCBB625-5995-4223-A82C-7814DE10E52A}.Release|x64.Build.0 = Release|Any CPU
		{FDCBB625-5995-4223-A82C-7814DE10E52A}.Release|x86.ActiveCfg = Release|Any CPU
		{FDCBB625-5995-4223-A82C-7814DE10E52A}.Release|x86.Build.0 = Release|Any CPU
		{744DE298-FA6F-4B88-B572-F7E2187D47C8}.Debug|Any CPU.ActiveCfg = Debug|Any CPU
		{744DE298-FA6F-4B88-B572-F7E2187D47C8}.Debug|Any CPU.Build.0 = Debug|Any CPU
		{744DE298-FA6F-4B88-B572-F7E2187D47C8}.Debug|ARM.ActiveCfg = Debug|Any CPU
		{744DE298-FA6F-4B88-B572-F7E2187D47C8}.Debug|ARM.Build.0 = Debug|Any CPU
		{744DE298-FA6F-4B88-B572-F7E2187D47C8}.Debug|ARM64.ActiveCfg = Debug|Any CPU
		{744DE298-FA6F-4B88-B572-F7E2187D47C8}.Debug|ARM64.Build.0 = Debug|Any CPU
		{744DE298-FA6F-4B88-B572-F7E2187D47C8}.Debug|x64.ActiveCfg = Debug|Any CPU
		{744DE298-FA6F-4B88-B572-F7E2187D47C8}.Debug|x64.Build.0 = Debug|Any CPU
		{744DE298-FA6F-4B88-B572-F7E2187D47C8}.Debug|x86.ActiveCfg = Debug|Any CPU
		{744DE298-FA6F-4B88-B572-F7E2187D47C8}.Debug|x86.Build.0 = Debug|Any CPU
		{744DE298-FA6F-4B88-B572-F7E2187D47C8}.Release|Any CPU.ActiveCfg = Release|Any CPU
		{744DE298-FA6F-4B88-B572-F7E2187D47C8}.Release|Any CPU.Build.0 = Release|Any CPU
		{744DE298-FA6F-4B88-B572-F7E2187D47C8}.Release|ARM.ActiveCfg = Release|Any CPU
		{744DE298-FA6F-4B88-B572-F7E2187D47C8}.Release|ARM.Build.0 = Release|Any CPU
		{744DE298-FA6F-4B88-B572-F7E2187D47C8}.Release|ARM64.ActiveCfg = Release|Any CPU
		{744DE298-FA6F-4B88-B572-F7E2187D47C8}.Release|ARM64.Build.0 = Release|Any CPU
		{744DE298-FA6F-4B88-B572-F7E2187D47C8}.Release|x64.ActiveCfg = Release|Any CPU
		{744DE298-FA6F-4B88-B572-F7E2187D47C8}.Release|x64.Build.0 = Release|Any CPU
		{744DE298-FA6F-4B88-B572-F7E2187D47C8}.Release|x86.ActiveCfg = Release|Any CPU
		{744DE298-FA6F-4B88-B572-F7E2187D47C8}.Release|x86.Build.0 = Release|Any CPU
		{4CF78FCD-BA16-4010-93CA-6EDB558E6426}.Debug|Any CPU.ActiveCfg = Debug|Any CPU
		{4CF78FCD-BA16-4010-93CA-6EDB558E6426}.Debug|Any CPU.Build.0 = Debug|Any CPU
		{4CF78FCD-BA16-4010-93CA-6EDB558E6426}.Debug|ARM.ActiveCfg = Debug|Any CPU
		{4CF78FCD-BA16-4010-93CA-6EDB558E6426}.Debug|ARM.Build.0 = Debug|Any CPU
		{4CF78FCD-BA16-4010-93CA-6EDB558E6426}.Debug|ARM64.ActiveCfg = Debug|Any CPU
		{4CF78FCD-BA16-4010-93CA-6EDB558E6426}.Debug|ARM64.Build.0 = Debug|Any CPU
		{4CF78FCD-BA16-4010-93CA-6EDB558E6426}.Debug|x64.ActiveCfg = Debug|Any CPU
		{4CF78FCD-BA16-4010-93CA-6EDB558E6426}.Debug|x64.Build.0 = Debug|Any CPU
		{4CF78FCD-BA16-4010-93CA-6EDB558E6426}.Debug|x86.ActiveCfg = Debug|Any CPU
		{4CF78FCD-BA16-4010-93CA-6EDB558E6426}.Debug|x86.Build.0 = Debug|Any CPU
		{4CF78FCD-BA16-4010-93CA-6EDB558E6426}.Release|Any CPU.ActiveCfg = Release|Any CPU
		{4CF78FCD-BA16-4010-93CA-6EDB558E6426}.Release|Any CPU.Build.0 = Release|Any CPU
		{4CF78FCD-BA16-4010-93CA-6EDB558E6426}.Release|ARM.ActiveCfg = Release|Any CPU
		{4CF78FCD-BA16-4010-93CA-6EDB558E6426}.Release|ARM.Build.0 = Release|Any CPU
		{4CF78FCD-BA16-4010-93CA-6EDB558E6426}.Release|ARM64.ActiveCfg = Release|Any CPU
		{4CF78FCD-BA16-4010-93CA-6EDB558E6426}.Release|ARM64.Build.0 = Release|Any CPU
		{4CF78FCD-BA16-4010-93CA-6EDB558E6426}.Release|x64.ActiveCfg = Release|Any CPU
		{4CF78FCD-BA16-4010-93CA-6EDB558E6426}.Release|x64.Build.0 = Release|Any CPU
		{4CF78FCD-BA16-4010-93CA-6EDB558E6426}.Release|x86.ActiveCfg = Release|Any CPU
		{4CF78FCD-BA16-4010-93CA-6EDB558E6426}.Release|x86.Build.0 = Release|Any CPU
		{0075EB50-B3DE-4FD6-9AC0-348F6B391747}.Debug|Any CPU.ActiveCfg = Debug|Any CPU
		{0075EB50-B3DE-4FD6-9AC0-348F6B391747}.Debug|Any CPU.Build.0 = Debug|Any CPU
		{0075EB50-B3DE-4FD6-9AC0-348F6B391747}.Debug|ARM.ActiveCfg = Debug|Any CPU
		{0075EB50-B3DE-4FD6-9AC0-348F6B391747}.Debug|ARM.Build.0 = Debug|Any CPU
		{0075EB50-B3DE-4FD6-9AC0-348F6B391747}.Debug|ARM64.ActiveCfg = Debug|Any CPU
		{0075EB50-B3DE-4FD6-9AC0-348F6B391747}.Debug|ARM64.Build.0 = Debug|Any CPU
		{0075EB50-B3DE-4FD6-9AC0-348F6B391747}.Debug|x64.ActiveCfg = Debug|Any CPU
		{0075EB50-B3DE-4FD6-9AC0-348F6B391747}.Debug|x64.Build.0 = Debug|Any CPU
		{0075EB50-B3DE-4FD6-9AC0-348F6B391747}.Debug|x86.ActiveCfg = Debug|Any CPU
		{0075EB50-B3DE-4FD6-9AC0-348F6B391747}.Debug|x86.Build.0 = Debug|Any CPU
		{0075EB50-B3DE-4FD6-9AC0-348F6B391747}.Release|Any CPU.ActiveCfg = Release|Any CPU
		{0075EB50-B3DE-4FD6-9AC0-348F6B391747}.Release|Any CPU.Build.0 = Release|Any CPU
		{0075EB50-B3DE-4FD6-9AC0-348F6B391747}.Release|ARM.ActiveCfg = Release|Any CPU
		{0075EB50-B3DE-4FD6-9AC0-348F6B391747}.Release|ARM.Build.0 = Release|Any CPU
		{0075EB50-B3DE-4FD6-9AC0-348F6B391747}.Release|ARM64.ActiveCfg = Release|Any CPU
		{0075EB50-B3DE-4FD6-9AC0-348F6B391747}.Release|ARM64.Build.0 = Release|Any CPU
		{0075EB50-B3DE-4FD6-9AC0-348F6B391747}.Release|x64.ActiveCfg = Release|Any CPU
		{0075EB50-B3DE-4FD6-9AC0-348F6B391747}.Release|x64.Build.0 = Release|Any CPU
		{0075EB50-B3DE-4FD6-9AC0-348F6B391747}.Release|x86.ActiveCfg = Release|Any CPU
		{0075EB50-B3DE-4FD6-9AC0-348F6B391747}.Release|x86.Build.0 = Release|Any CPU
		{C52F68FC-95DD-4623-8CA3-98E33C72B6F4}.Debug|Any CPU.ActiveCfg = Debug|Any CPU
		{C52F68FC-95DD-4623-8CA3-98E33C72B6F4}.Debug|Any CPU.Build.0 = Debug|Any CPU
		{C52F68FC-95DD-4623-8CA3-98E33C72B6F4}.Debug|ARM.ActiveCfg = Debug|Any CPU
		{C52F68FC-95DD-4623-8CA3-98E33C72B6F4}.Debug|ARM.Build.0 = Debug|Any CPU
		{C52F68FC-95DD-4623-8CA3-98E33C72B6F4}.Debug|ARM64.ActiveCfg = Debug|Any CPU
		{C52F68FC-95DD-4623-8CA3-98E33C72B6F4}.Debug|ARM64.Build.0 = Debug|Any CPU
		{C52F68FC-95DD-4623-8CA3-98E33C72B6F4}.Debug|x64.ActiveCfg = Debug|Any CPU
		{C52F68FC-95DD-4623-8CA3-98E33C72B6F4}.Debug|x64.Build.0 = Debug|Any CPU
		{C52F68FC-95DD-4623-8CA3-98E33C72B6F4}.Debug|x86.ActiveCfg = Debug|Any CPU
		{C52F68FC-95DD-4623-8CA3-98E33C72B6F4}.Debug|x86.Build.0 = Debug|Any CPU
		{C52F68FC-95DD-4623-8CA3-98E33C72B6F4}.Release|Any CPU.ActiveCfg = Release|Any CPU
		{C52F68FC-95DD-4623-8CA3-98E33C72B6F4}.Release|Any CPU.Build.0 = Release|Any CPU
		{C52F68FC-95DD-4623-8CA3-98E33C72B6F4}.Release|ARM.ActiveCfg = Release|Any CPU
		{C52F68FC-95DD-4623-8CA3-98E33C72B6F4}.Release|ARM.Build.0 = Release|Any CPU
		{C52F68FC-95DD-4623-8CA3-98E33C72B6F4}.Release|ARM64.ActiveCfg = Release|Any CPU
		{C52F68FC-95DD-4623-8CA3-98E33C72B6F4}.Release|ARM64.Build.0 = Release|Any CPU
		{C52F68FC-95DD-4623-8CA3-98E33C72B6F4}.Release|x64.ActiveCfg = Release|Any CPU
		{C52F68FC-95DD-4623-8CA3-98E33C72B6F4}.Release|x64.Build.0 = Release|Any CPU
		{C52F68FC-95DD-4623-8CA3-98E33C72B6F4}.Release|x86.ActiveCfg = Release|Any CPU
		{C52F68FC-95DD-4623-8CA3-98E33C72B6F4}.Release|x86.Build.0 = Release|Any CPU
		{AA8072FA-0C82-4C5C-85AE-26CCE2FDDD7B}.Debug|Any CPU.ActiveCfg = Debug|Any CPU
		{AA8072FA-0C82-4C5C-85AE-26CCE2FDDD7B}.Debug|Any CPU.Build.0 = Debug|Any CPU
		{AA8072FA-0C82-4C5C-85AE-26CCE2FDDD7B}.Debug|ARM.ActiveCfg = Debug|Any CPU
		{AA8072FA-0C82-4C5C-85AE-26CCE2FDDD7B}.Debug|ARM.Build.0 = Debug|Any CPU
		{AA8072FA-0C82-4C5C-85AE-26CCE2FDDD7B}.Debug|ARM64.ActiveCfg = Debug|Any CPU
		{AA8072FA-0C82-4C5C-85AE-26CCE2FDDD7B}.Debug|ARM64.Build.0 = Debug|Any CPU
		{AA8072FA-0C82-4C5C-85AE-26CCE2FDDD7B}.Debug|x64.ActiveCfg = Debug|Any CPU
		{AA8072FA-0C82-4C5C-85AE-26CCE2FDDD7B}.Debug|x64.Build.0 = Debug|Any CPU
		{AA8072FA-0C82-4C5C-85AE-26CCE2FDDD7B}.Debug|x86.ActiveCfg = Debug|Any CPU
		{AA8072FA-0C82-4C5C-85AE-26CCE2FDDD7B}.Debug|x86.Build.0 = Debug|Any CPU
		{AA8072FA-0C82-4C5C-85AE-26CCE2FDDD7B}.Release|Any CPU.ActiveCfg = Release|Any CPU
		{AA8072FA-0C82-4C5C-85AE-26CCE2FDDD7B}.Release|Any CPU.Build.0 = Release|Any CPU
		{AA8072FA-0C82-4C5C-85AE-26CCE2FDDD7B}.Release|ARM.ActiveCfg = Release|Any CPU
		{AA8072FA-0C82-4C5C-85AE-26CCE2FDDD7B}.Release|ARM.Build.0 = Release|Any CPU
		{AA8072FA-0C82-4C5C-85AE-26CCE2FDDD7B}.Release|ARM64.ActiveCfg = Release|Any CPU
		{AA8072FA-0C82-4C5C-85AE-26CCE2FDDD7B}.Release|ARM64.Build.0 = Release|Any CPU
		{AA8072FA-0C82-4C5C-85AE-26CCE2FDDD7B}.Release|x64.ActiveCfg = Release|Any CPU
		{AA8072FA-0C82-4C5C-85AE-26CCE2FDDD7B}.Release|x64.Build.0 = Release|Any CPU
		{AA8072FA-0C82-4C5C-85AE-26CCE2FDDD7B}.Release|x86.ActiveCfg = Release|Any CPU
		{AA8072FA-0C82-4C5C-85AE-26CCE2FDDD7B}.Release|x86.Build.0 = Release|Any CPU
	EndGlobalSection
	GlobalSection(SolutionProperties) = preSolution
		HideSolutionNode = FALSE
	EndGlobalSection
	GlobalSection(ExtensibilityGlobals) = postSolution
		SolutionGuid = {002DC285-FD15-409C-ADC3-8C459332B626}
	EndGlobalSection
EndGlobal
