
Microsoft Visual Studio Solution File, Format Version 12.00
# Visual Studio 15
VisualStudioVersion = 15.0.27130.2027
MinimumVisualStudioVersion = 10.0.40219.1
Project("{FAE04EC0-301F-11D3-BF4B-00C04F79EFBC}") = "AdventureWorks.Services", "AdventureWorks.Services\AdventureWorks.Services.csproj", "{C1E907AA-B109-4554-834C-A5DF1951DB47}"
EndProject
Project("{FAE04EC0-301F-11D3-BF4B-00C04F79EFBC}") = "AdventureWorks.Services.Impl", "AdventureWorks.Services.Impl\AdventureWorks.Services.Impl.csproj", "{1FA4A778-9C8A-4A0D-AB84-1EFE25A7BEB4}"
EndProject
Project("{FAE04EC0-301F-11D3-BF4B-00C04F79EFBC}") = "AdventureWorks.ServiceHost", "AdventureWorks.ServiceHost\AdventureWorks.ServiceHost.csproj", "{67F96000-3F5E-4827-B1A2-EA60C4C8DB74}"
EndProject
Project("{FAE04EC0-301F-11D3-BF4B-00C04F79EFBC}") = "AdventureWorks.Client", "AdventureWorks.Client\AdventureWorks.Client.csproj", "{0541BD13-F2A3-4C13-AECC-16BA67A6264B}"
EndProject
Global
	GlobalSection(SolutionConfigurationPlatforms) = preSolution
		Debug|Any CPU = Debug|Any CPU
		Release|Any CPU = Release|Any CPU
	EndGlobalSection
	GlobalSection(ProjectConfigurationPlatforms) = postSolution
		{C1E907AA-B109-4554-834C-A5DF1951DB47}.Debug|Any CPU.ActiveCfg = Debug|Any CPU
		{C1E907AA-B109-4554-834C-A5DF1951DB47}.Debug|Any CPU.Build.0 = Debug|Any CPU
		{C1E907AA-B109-4554-834C-A5DF1951DB47}.Release|Any CPU.ActiveCfg = Release|Any CPU
		{C1E907AA-B109-4554-834C-A5DF1951DB47}.Release|Any CPU.Build.0 = Release|Any CPU
		{1FA4A778-9C8A-4A0D-AB84-1EFE25A7BEB4}.Debug|Any CPU.ActiveCfg = Debug|Any CPU
		{1FA4A778-9C8A-4A0D-AB84-1EFE25A7BEB4}.Debug|Any CPU.Build.0 = Debug|Any CPU
		{1FA4A778-9C8A-4A0D-AB84-1EFE25A7BEB4}.Release|Any CPU.ActiveCfg = Release|Any CPU
		{1FA4A778-9C8A-4A0D-AB84-1EFE25A7BEB4}.Release|Any CPU.Build.0 = Release|Any CPU
		{67F96000-3F5E-4827-B1A2-EA60C4C8DB74}.Debug|Any CPU.ActiveCfg = Debug|Any CPU
		{67F96000-3F5E-4827-B1A2-EA60C4C8DB74}.Debug|Any CPU.Build.0 = Debug|Any CPU
		{67F96000-3F5E-4827-B1A2-EA60C4C8DB74}.Release|Any CPU.ActiveCfg = Release|Any CPU
		{67F96000-3F5E-4827-B1A2-EA60C4C8DB74}.Release|Any CPU.Build.0 = Release|Any CPU
		{0541BD13-F2A3-4C13-AECC-16BA67A6264B}.Debug|Any CPU.ActiveCfg = Debug|Any CPU
		{0541BD13-F2A3-4C13-AECC-16BA67A6264B}.Debug|Any CPU.Build.0 = Debug|Any CPU
		{0541BD13-F2A3-4C13-AECC-16BA67A6264B}.Release|Any CPU.ActiveCfg = Release|Any CPU
		{0541BD13-F2A3-4C13-AECC-16BA67A6264B}.Release|Any CPU.Build.0 = Release|Any CPU
	EndGlobalSection
	GlobalSection(SolutionProperties) = preSolution
		HideSolutionNode = FALSE
	EndGlobalSection
	GlobalSection(ExtensibilityGlobals) = postSolution
		SolutionGuid = {59D67726-48A1-4DE1-AF7A-EBBAB44AC5C9}
	EndGlobalSection
EndGlobal
