Microsoft Visual Studio Solution File, Format Version 12.00
# Visual Studio Version 17
VisualStudioVersion = 17.8.34309.116
MinimumVisualStudioVersion = 10.0.40219.1
Project("{9A19103F-16F7-4668-BE54-9A1E7A4F7556}") = "WebPBenchmark", "WebPBenchmark\WebPBenchmark.csproj", "{8C037A22-AAFA-4775-8886-17EBF2C0F82E}"
EndProject
Project("{9A19103F-16F7-4668-BE54-9A1E7A4F7556}") = "DecodeWebPBenchmarks", "DecodeWebPBenchmarks\DecodeWebPBenchmarks.csproj", "{B99D0B5A-87F6-4052-9D31-4FE8E12EB9B7}"
EndProject
Project("{FAE04EC0-301F-11D3-BF4B-00C04F79EFBC}") = "ImagingTest", "ImagingTest\ImagingTest.csproj", "{B60493FA-D0C4-45FE-B05C-E312BE87F40E}"
EndProject
Project("{FAE04EC0-301F-11D3-BF4B-00C04F79EFBC}") = "ImagingLib", "ImagingLib\ImagingLib.csproj", "{BE8D5411-68EC-428B-BC21-03312EE171C6}"
EndProject
Global
	GlobalSection(SolutionConfigurationPlatforms) = preSolution
		Debug|Any CPU = Debug|Any CPU
		Release|Any CPU = Release|Any CPU
	EndGlobalSection
	GlobalSection(ProjectConfigurationPlatforms) = postSolution
		{8C037A22-AAFA-4775-8886-17EBF2C0F82E}.Debug|Any CPU.ActiveCfg = Debug|Any CPU
		{8C037A22-AAFA-4775-8886-17EBF2C0F82E}.Debug|Any CPU.Build.0 = Debug|Any CPU
		{8C037A22-AAFA-4775-8886-17EBF2C0F82E}.Release|Any CPU.ActiveCfg = Release|Any CPU
		{8C037A22-AAFA-4775-8886-17EBF2C0F82E}.Release|Any CPU.Build.0 = Release|Any CPU
		{B99D0B5A-87F6-4052-9D31-4FE8E12EB9B7}.Debug|Any CPU.ActiveCfg = Debug|Any CPU
		{B99D0B5A-87F6-4052-9D31-4FE8E12EB9B7}.Debug|Any CPU.Build.0 = Debug|Any CPU
		{B99D0B5A-87F6-4052-9D31-4FE8E12EB9B7}.Release|Any CPU.ActiveCfg = Release|Any CPU
		{B99D0B5A-87F6-4052-9D31-4FE8E12EB9B7}.Release|Any CPU.Build.0 = Release|Any CPU
		{B60493FA-D0C4-45FE-B05C-E312BE87F40E}.Debug|Any CPU.ActiveCfg = Debug|Any CPU
		{B60493FA-D0C4-45FE-B05C-E312BE87F40E}.Debug|Any CPU.Build.0 = Debug|Any CPU
		{B60493FA-D0C4-45FE-B05C-E312BE87F40E}.Release|Any CPU.ActiveCfg = Release|Any CPU
		{B60493FA-D0C4-45FE-B05C-E312BE87F40E}.Release|Any CPU.Build.0 = Release|Any CPU
		{BE8D5411-68EC-428B-BC21-03312EE171C6}.Debug|Any CPU.ActiveCfg = Debug|Any CPU
		{BE8D5411-68EC-428B-BC21-03312EE171C6}.Debug|Any CPU.Build.0 = Debug|Any CPU
		{BE8D5411-68EC-428B-BC21-03312EE171C6}.Release|Any CPU.ActiveCfg = Release|Any CPU
		{BE8D5411-68EC-428B-BC21-03312EE171C6}.Release|Any CPU.Build.0 = Release|Any CPU
	EndGlobalSection
	GlobalSection(SolutionProperties) = preSolution
		HideSolutionNode = FALSE
	EndGlobalSection
	GlobalSection(ExtensibilityGlobals) = postSolution
		SolutionGuid = {0FC36058-91AD-478C-89DF-7BDC3DE62E8C}
	EndGlobalSection
EndGlobal
