
Microsoft Visual Studio Solution File, Format Version 12.00
# Visual Studio Version 16
VisualStudioVersion = 16.0.31105.61
MinimumVisualStudioVersion = 10.0.40219.1
Project("{FAE04EC0-301F-11D3-BF4B-00C04F79EFBC}") = "ValueObjectStudy", "ValueObjectStudy\ValueObjectStudy.csproj", "{8A952DA7-9783-4055-8EBB-1BB38B6D2FE9}"
EndProject
Global
	GlobalSection(SolutionConfigurationPlatforms) = preSolution
		Debug|Any CPU = Debug|Any CPU
		Release|Any CPU = Release|Any CPU
	EndGlobalSection
	GlobalSection(ProjectConfigurationPlatforms) = postSolution
		{8A952DA7-9783-4055-8EBB-1BB38B6D2FE9}.Debug|Any CPU.ActiveCfg = Debug|Any CPU
		{8A952DA7-9783-4055-8EBB-1BB38B6D2FE9}.Debug|Any CPU.Build.0 = Debug|Any CPU
		{8A952DA7-9783-4055-8EBB-1BB38B6D2FE9}.Release|Any CPU.ActiveCfg = Release|Any CPU
		{8A952DA7-9783-4055-8EBB-1BB38B6D2FE9}.Release|Any CPU.Build.0 = Release|Any CPU
	EndGlobalSection
	GlobalSection(SolutionProperties) = preSolution
		HideSolutionNode = FALSE
	EndGlobalSection
	GlobalSection(ExtensibilityGlobals) = postSolution
		SolutionGuid = {929EE033-AE1B-4182-BF92-B001FEA014F6}
	EndGlobalSection
EndGlobal
