
Microsoft Visual Studio Solution File, Format Version 12.00
Project("{FAE04EC0-301F-11D3-BF4B-00C04F79EFBC}") = "OpenAiStudy", "OpenAiStudy\OpenAiStudy.csproj", "{7F87C465-4B63-49A3-80E3-46C0AC944FEE}"
EndProject
Global
	GlobalSection(SolutionConfigurationPlatforms) = preSolution
		Debug|Any CPU = Debug|Any CPU
		Release|Any CPU = Release|Any CPU
	EndGlobalSection
	GlobalSection(ProjectConfigurationPlatforms) = postSolution
		{7F87C465-4B63-49A3-80E3-46C0AC944FEE}.Debug|Any CPU.ActiveCfg = Debug|Any CPU
		{7F87C465-4B63-49A3-80E3-46C0AC944FEE}.Debug|Any CPU.Build.0 = Debug|Any CPU
		{7F87C465-4B63-49A3-80E3-46C0AC944FEE}.Release|Any CPU.ActiveCfg = Release|Any CPU
		{7F87C465-4B63-49A3-80E3-46C0AC944FEE}.Release|Any CPU.Build.0 = Release|Any CPU
	EndGlobalSection
EndGlobal
