
Microsoft Visual Studio Solution File, Format Version 12.00
# Visual Studio Version 17
VisualStudioVersion = 17.4.33122.133
MinimumVisualStudioVersion = 10.0.40219.1
Project("{FAE04EC0-301F-11D3-BF4B-00C04F79EFBC}") = "AesStudy", "AesStudy\AesStudy.csproj", "{FD8923FD-7FAB-42FD-9131-4C8F23A4F10C}"
EndProject
Global
	GlobalSection(SolutionConfigurationPlatforms) = preSolution
		Debug|Any CPU = Debug|Any CPU
		Release|Any CPU = Release|Any CPU
	EndGlobalSection
	GlobalSection(ProjectConfigurationPlatforms) = postSolution
		{FD8923FD-7FAB-42FD-9131-4C8F23A4F10C}.Debug|Any CPU.ActiveCfg = Debug|Any CPU
		{FD8923FD-7FAB-42FD-9131-4C8F23A4F10C}.Debug|Any CPU.Build.0 = Debug|Any CPU
		{FD8923FD-7FAB-42FD-9131-4C8F23A4F10C}.Release|Any CPU.ActiveCfg = Release|Any CPU
		{FD8923FD-7FAB-42FD-9131-4C8F23A4F10C}.Release|Any CPU.Build.0 = Release|Any CPU
	EndGlobalSection
	GlobalSection(SolutionProperties) = preSolution
		HideSolutionNode = FALSE
	EndGlobalSection
	GlobalSection(ExtensibilityGlobals) = postSolution
		SolutionGuid = {7AF2E9F7-7181-4362-BA62-DC14955658E7}
	EndGlobalSection
EndGlobal
