
Microsoft Visual Studio Solution File, Format Version 12.00
# Visual Studio Version 17
VisualStudioVersion = 17.8.34112.27
MinimumVisualStudioVersion = 10.0.40219.1
Project("{9A19103F-16F7-4668-BE54-9A1E7A4F7556}") = "HelloDurableFunction", "HelloDurableFunction\HelloDurableFunction.csproj", "{BD8202D6-C60D-47BF-99D3-9CF2E1309C19}"
EndProject
Project("{FAE04EC0-301F-11D3-BF4B-00C04F79EFBC}") = "FunctionAppNet7", "FunctionAppNet7\FunctionAppNet7.csproj", "{3EE3B2B8-241C-43DD-AB58-E94F1E6745B0}"
EndProject
Project("{FAE04EC0-301F-11D3-BF4B-00C04F79EFBC}") = "FunctionAppNet8", "FunctionAppNet8\FunctionAppNet8.csproj", "{492512FD-3C94-4660-90CA-4054C9BD9A8A}"
EndProject
Global
	GlobalSection(SolutionConfigurationPlatforms) = preSolution
		Debug|Any CPU = Debug|Any CPU
		Release|Any CPU = Release|Any CPU
	EndGlobalSection
	GlobalSection(ProjectConfigurationPlatforms) = postSolution
		{BD8202D6-C60D-47BF-99D3-9CF2E1309C19}.Debug|Any CPU.ActiveCfg = Debug|Any CPU
		{BD8202D6-C60D-47BF-99D3-9CF2E1309C19}.Debug|Any CPU.Build.0 = Debug|Any CPU
		{BD8202D6-C60D-47BF-99D3-9CF2E1309C19}.Release|Any CPU.ActiveCfg = Release|Any CPU
		{BD8202D6-C60D-47BF-99D3-9CF2E1309C19}.Release|Any CPU.Build.0 = Release|Any CPU
		{3EE3B2B8-241C-43DD-AB58-E94F1E6745B0}.Debug|Any CPU.ActiveCfg = Debug|Any CPU
		{3EE3B2B8-241C-43DD-AB58-E94F1E6745B0}.Debug|Any CPU.Build.0 = Debug|Any CPU
		{3EE3B2B8-241C-43DD-AB58-E94F1E6745B0}.Release|Any CPU.ActiveCfg = Release|Any CPU
		{3EE3B2B8-241C-43DD-AB58-E94F1E6745B0}.Release|Any CPU.Build.0 = Release|Any CPU
		{492512FD-3C94-4660-90CA-4054C9BD9A8A}.Debug|Any CPU.ActiveCfg = Debug|Any CPU
		{492512FD-3C94-4660-90CA-4054C9BD9A8A}.Debug|Any CPU.Build.0 = Debug|Any CPU
		{492512FD-3C94-4660-90CA-4054C9BD9A8A}.Release|Any CPU.ActiveCfg = Release|Any CPU
		{492512FD-3C94-4660-90CA-4054C9BD9A8A}.Release|Any CPU.Build.0 = Release|Any CPU
	EndGlobalSection
	GlobalSection(SolutionProperties) = preSolution
		HideSolutionNode = FALSE
	EndGlobalSection
	GlobalSection(ExtensibilityGlobals) = postSolution
		SolutionGuid = {85D3C970-2549-459B-AEC7-DFEF40A12D6D}
	EndGlobalSection
EndGlobal
