
Microsoft Visual Studio Solution File, Format Version 12.00
# Visual Studio Version 16
VisualStudioVersion = 16.0.31105.61
MinimumVisualStudioVersion = 10.0.40219.1
Project("{FAE04EC0-301F-11D3-BF4B-00C04F79EFBC}") = "DddAdventureWorks", "DddAdventureWorks\DddAdventureWorks.csproj", "{0CA7875D-A3D8-4989-A21F-2ACD7AA751CE}"
EndProject
Project("{FAE04EC0-301F-11D3-BF4B-00C04F79EFBC}") = "DddAdventureWorks.App", "DddAdventureWorks.App\DddAdventureWorks.App.csproj", "{D7C3293A-D43F-4E8D-8ABD-59B564131E15}"
EndProject
Project("{FAE04EC0-301F-11D3-BF4B-00C04F79EFBC}") = "DddAdventureWorks.Repository", "DddAdventureWorks.Repository\DddAdventureWorks.Repository.csproj", "{B88839EA-7A08-4A26-BB5C-03FF188552D3}"
EndProject
Global
	GlobalSection(SolutionConfigurationPlatforms) = preSolution
		Debug|Any CPU = Debug|Any CPU
		Release|Any CPU = Release|Any CPU
	EndGlobalSection
	GlobalSection(ProjectConfigurationPlatforms) = postSolution
		{0CA7875D-A3D8-4989-A21F-2ACD7AA751CE}.Debug|Any CPU.ActiveCfg = Debug|Any CPU
		{0CA7875D-A3D8-4989-A21F-2ACD7AA751CE}.Debug|Any CPU.Build.0 = Debug|Any CPU
		{0CA7875D-A3D8-4989-A21F-2ACD7AA751CE}.Release|Any CPU.ActiveCfg = Release|Any CPU
		{0CA7875D-A3D8-4989-A21F-2ACD7AA751CE}.Release|Any CPU.Build.0 = Release|Any CPU
		{D7C3293A-D43F-4E8D-8ABD-59B564131E15}.Debug|Any CPU.ActiveCfg = Debug|Any CPU
		{D7C3293A-D43F-4E8D-8ABD-59B564131E15}.Debug|Any CPU.Build.0 = Debug|Any CPU
		{D7C3293A-D43F-4E8D-8ABD-59B564131E15}.Release|Any CPU.ActiveCfg = Release|Any CPU
		{D7C3293A-D43F-4E8D-8ABD-59B564131E15}.Release|Any CPU.Build.0 = Release|Any CPU
		{B88839EA-7A08-4A26-BB5C-03FF188552D3}.Debug|Any CPU.ActiveCfg = Debug|Any CPU
		{B88839EA-7A08-4A26-BB5C-03FF188552D3}.Debug|Any CPU.Build.0 = Debug|Any CPU
		{B88839EA-7A08-4A26-BB5C-03FF188552D3}.Release|Any CPU.ActiveCfg = Release|Any CPU
		{B88839EA-7A08-4A26-BB5C-03FF188552D3}.Release|Any CPU.Build.0 = Release|Any CPU
	EndGlobalSection
	GlobalSection(SolutionProperties) = preSolution
		HideSolutionNode = FALSE
	EndGlobalSection
	GlobalSection(ExtensibilityGlobals) = postSolution
		SolutionGuid = {891EA1AC-D57B-49D5-90DB-FB72CA8BE7F6}
	EndGlobalSection
EndGlobal
