
Microsoft Visual Studio Solution File, Format Version 12.00
# Visual Studio Version 17
VisualStudioVersion = 17.3.32804.467
MinimumVisualStudioVersion = 10.0.40219.1
Project("{FAE04EC0-301F-11D3-BF4B-00C04F79EFBC}") = "SampleApi", "SampleApi\SampleApi.csproj", "{6304F214-4E5B-4843-9D9B-9D2800E121CB}"
EndProject
Global
	GlobalSection(SolutionConfigurationPlatforms) = preSolution
		Debug|Any CPU = Debug|Any CPU
		Release|Any CPU = Release|Any CPU
	EndGlobalSection
	GlobalSection(ProjectConfigurationPlatforms) = postSolution
		{6304F214-4E5B-4843-9D9B-9D2800E121CB}.Debug|Any CPU.ActiveCfg = Debug|Any CPU
		{6304F214-4E5B-4843-9D9B-9D2800E121CB}.Debug|Any CPU.Build.0 = Debug|Any CPU
		{6304F214-4E5B-4843-9D9B-9D2800E121CB}.Release|Any CPU.ActiveCfg = Release|Any CPU
		{6304F214-4E5B-4843-9D9B-9D2800E121CB}.Release|Any CPU.Build.0 = Release|Any CPU
	EndGlobalSection
	GlobalSection(SolutionProperties) = preSolution
		HideSolutionNode = FALSE
	EndGlobalSection
	GlobalSection(ExtensibilityGlobals) = postSolution
		SolutionGuid = {50A8AE20-1509-4926-B7F6-72B0C901579E}
	EndGlobalSection
EndGlobal
