
Microsoft Visual Studio Solution File, Format Version 12.00
# Visual Studio Version 17
VisualStudioVersion = 17.3.32825.248
MinimumVisualStudioVersion = 10.0.40219.1
Project("{FAE04EC0-301F-11D3-BF4B-00C04F79EFBC}") = "GenericHostErrorHandleStudy", "GenericHostErrorHandleStudy\GenericHostErrorHandleStudy.csproj", "{FA71D403-1C38-405B-998E-317F7F0D072A}"
EndProject
Global
	GlobalSection(SolutionConfigurationPlatforms) = preSolution
		Debug|Any CPU = Debug|Any CPU
		Release|Any CPU = Release|Any CPU
	EndGlobalSection
	GlobalSection(ProjectConfigurationPlatforms) = postSolution
		{FA71D403-1C38-405B-998E-317F7F0D072A}.Debug|Any CPU.ActiveCfg = Debug|Any CPU
		{FA71D403-1C38-405B-998E-317F7F0D072A}.Debug|Any CPU.Build.0 = Debug|Any CPU
		{FA71D403-1C38-405B-998E-317F7F0D072A}.Release|Any CPU.ActiveCfg = Release|Any CPU
		{FA71D403-1C38-405B-998E-317F7F0D072A}.Release|Any CPU.Build.0 = Release|Any CPU
	EndGlobalSection
	GlobalSection(SolutionProperties) = preSolution
		HideSolutionNode = FALSE
	EndGlobalSection
	GlobalSection(ExtensibilityGlobals) = postSolution
		SolutionGuid = {D0C74DA9-CC3F-4E56-BC7A-810001620D0C}
	EndGlobalSection
EndGlobal
