
Microsoft Visual Studio Solution File, Format Version 12.00
# Visual Studio Version 17
VisualStudioVersion = 17.0.31912.275
MinimumVisualStudioVersion = 10.0.40219.1
Project("{FAE04EC0-301F-11D3-BF4B-00C04F79EFBC}") = "GenericHostConsoleApp", "GenericHostConsoleApp\GenericHostConsoleApp.csproj", "{3291E6FC-C514-41A9-BE6D-8E7B0A8DE403}"
EndProject
Global
	GlobalSection(SolutionConfigurationPlatforms) = preSolution
		Debug|Any CPU = Debug|Any CPU
		Release|Any CPU = Release|Any CPU
	EndGlobalSection
	GlobalSection(ProjectConfigurationPlatforms) = postSolution
		{3291E6FC-C514-41A9-BE6D-8E7B0A8DE403}.Debug|Any CPU.ActiveCfg = Debug|Any CPU
		{3291E6FC-C514-41A9-BE6D-8E7B0A8DE403}.Debug|Any CPU.Build.0 = Debug|Any CPU
		{3291E6FC-C514-41A9-BE6D-8E7B0A8DE403}.Release|Any CPU.ActiveCfg = Release|Any CPU
		{3291E6FC-C514-41A9-BE6D-8E7B0A8DE403}.Release|Any CPU.Build.0 = Release|Any CPU
	EndGlobalSection
	GlobalSection(SolutionProperties) = preSolution
		HideSolutionNode = FALSE
	EndGlobalSection
	GlobalSection(ExtensibilityGlobals) = postSolution
		SolutionGuid = {69FAFFDD-9C62-4DC0-B124-49433DF997E0}
	EndGlobalSection
EndGlobal
