
Microsoft Visual Studio Solution File, Format Version 12.00
# Visual Studio Version 17
VisualStudioVersion = 17.14.36301.6 d17.14
MinimumVisualStudioVersion = 10.0.40219.1
Project("{FAE04EC0-301F-11D3-BF4B-00C04F79EFBC}") = "FunctionApp1", "FunctionApp1\FunctionApp1.csproj", "{8B3BD69C-5DD8-4FE5-B406-D5E874B56A09}"
EndProject
Global
	GlobalSection(SolutionConfigurationPlatforms) = preSolution
		Debug|Any CPU = Debug|Any CPU
		Release|Any CPU = Release|Any CPU
	EndGlobalSection
	GlobalSection(ProjectConfigurationPlatforms) = postSolution
		{8B3BD69C-5DD8-4FE5-B406-D5E874B56A09}.Debug|Any CPU.ActiveCfg = Debug|Any CPU
		{8B3BD69C-5DD8-4FE5-B406-D5E874B56A09}.Debug|Any CPU.Build.0 = Debug|Any CPU
		{8B3BD69C-5DD8-4FE5-B406-D5E874B56A09}.Release|Any CPU.ActiveCfg = Release|Any CPU
		{8B3BD69C-5DD8-4FE5-B406-D5E874B56A09}.Release|Any CPU.Build.0 = Release|Any CPU
	EndGlobalSection
	GlobalSection(SolutionProperties) = preSolution
		HideSolutionNode = FALSE
	EndGlobalSection
	GlobalSection(ExtensibilityGlobals) = postSolution
		SolutionGuid = {6F7E6A57-19E9-4EA4-BDA2-92506158AD64}
	EndGlobalSection
EndGlobal
